// !$*UTF8*$!
{
	archiveVersion = 1;
	classes = {
	};
	objectVersion = 46;
	objects = {

/* Begin PBXBuildFile section */
		01BAEC87BA8FC139225890FE /* ResultsScreen.swift in Sources */ = {isa = PBXBuildFile; fileRef = 0EF93C2406317EA4914D1D45 /* ResultsScreen.swift */; };
		020DE1AFB1A1014567668D1D /* Foundation.framework in Frameworks */ = {isa = PBXBuildFile; fileRef = 26BEEA3370DFB6FE6932320E /* Foundation.framework */; };
		1097BBE864D018D2C3B47AB3 /* Manrope-VariableFont.ttf in Resources */ = {isa = PBXBuildFile; fileRef = 400E8DDF0F7542F1B67E338B /* Manrope-VariableFont.ttf */; };
		1779FDB4BA323A351095D076 /* Foundation.framework in Frameworks */ = {isa = PBXBuildFile; fileRef = 26BEEA3370DFB6FE6932320E /* Foundation.framework */; };
		211A66C8CC74399B277D4A31 /* HistoryScreen.swift in Sources */ = {isa = PBXBuildFile; fileRef = A9C7EE388F6B911C448FD2A4 /* HistoryScreen.swift */; };
		32ED97465123BA54E9416E99 /* TestDetailData.swift in Sources */ = {isa = PBXBuildFile; fileRef = F95AA4631542A144A07FC5F6 /* TestDetailData.swift */; };
		356B7B6D32A773CC3E22096B /* OnboardingWelcomeView.swift in Sources */ = {isa = PBXBuildFile; fileRef = 2809ED449B86D8094E1898AA /* OnboardingWelcomeView.swift */; };
		36088E5F3682F1BD1B010BCB /* OnboardingDemoInputView.swift in Sources */ = {isa = PBXBuildFile; fileRef = 7DC9FFB3D5909469EE931577 /* OnboardingDemoInputView.swift */; };
		362F0DF66A572186AAB1A389 /* Models.swift in Sources */ = {isa = PBXBuildFile; fileRef = 8CAB5D86C503A6A686411C44 /* Models.swift */; };
		4AF893880EC500E869449375 /* OnboardingSocialProofView.swift in Sources */ = {isa = PBXBuildFile; fileRef = 101F2DBCFBDD3118FA8434B0 /* OnboardingSocialProofView.swift */; };
		4C9AE5569D82B31FC367DAC4 /* OnboardingProcessingView.swift in Sources */ = {isa = PBXBuildFile; fileRef = 4F4848F552C1F8D68B0CBBD6 /* OnboardingProcessingView.swift */; };
		50E0836916EF36DCF18486D9 /* bad_initials.json in Resources */ = {isa = PBXBuildFile; fileRef = CB4A05DDF0AE187C15B5449F /* bad_initials.json */; };
		5430C20651FDE4A9E6EE7051 /* LitmusApp.swift in Sources */ = {isa = PBXBuildFile; fileRef = 12FE4AA9DEAB530884529727 /* LitmusApp.swift */; };
		5BB7E3E9B0F2909C2E6EC4A9 /* SystemHelpers.swift in Sources */ = {isa = PBXBuildFile; fileRef = 8E9D3CADE66A94F8D66627D8 /* SystemHelpers.swift */; };
		5C879C51AC7C9AA344CECC84 /* LitmusComponents.swift in Sources */ = {isa = PBXBuildFile; fileRef = 77C0BBFBB978F3A24C3ED8E2 /* LitmusComponents.swift */; };
		64B763E2084C18F379B0B604 /* NameTestEngine.swift in Sources */ = {isa = PBXBuildFile; fileRef = F451D8251079F2A3D5505DB9 /* NameTestEngine.swift */; };
		6E6853079362952367B4CEEF /* Analyzers.swift in Sources */ = {isa = PBXBuildFile; fileRef = 15EB4BB1034D155F5B801D33 /* Analyzers.swift */; };
		70968216E2B1E32506A888E8 /* AppCoordinator.swift in Sources */ = {isa = PBXBuildFile; fileRef = 9152BE26FAA9179CA8DF1F26 /* AppCoordinator.swift */; };
		743ECB556A87122ED8A7CECA /* OnboardingSolutionView.swift in Sources */ = {isa = PBXBuildFile; fileRef = 05023C5E06A82326E3221290 /* OnboardingSolutionView.swift */; };
		74B6DFA39EEBD075ADF7C05C /* rhyme_patterns.json in Resources */ = {isa = PBXBuildFile; fileRef = 1E0F0955B312662407574E27 /* rhyme_patterns.json */; };
		75AA3C753E486B23A8CD227A /* OnboardingGoalView.swift in Sources */ = {isa = PBXBuildFile; fileRef = 9413CA71D7C6CDA05C9C9E17 /* OnboardingGoalView.swift */; };
		7D2A7A2B48D8C0D37CBFA146 /* historical_namesakes.json in Resources */ = {isa = PBXBuildFile; fileRef = B4428FBB1D4E08AC94DE4E0F /* historical_namesakes.json */; };
		7DC37EA8C40D649A469D59FD /* OnboardingViewModel.swift in Sources */ = {isa = PBXBuildFile; fileRef = DFE3AF8179A028F12CF4B6DD /* OnboardingViewModel.swift */; };
		81D33C9580036A5F885293CE /* OnboardingFlowView.swift in Sources */ = {isa = PBXBuildFile; fileRef = 11219CADB41F0494FE623077 /* OnboardingFlowView.swift */; };
		833B783264EC3B0D25EEAF5D /* LitmusUITests.swift in Sources */ = {isa = PBXBuildFile; fileRef = F977C03FE72C552476F8947F /* LitmusUITests.swift */; };
		857C79D6D0E9BD36C7843CCD /* PrivacyInfo.xcprivacy in Resources */ = {isa = PBXBuildFile; fileRef = 2EFD706A2E71A3248ADC6E5B /* PrivacyInfo.xcprivacy */; };
		8A0C8A8E991026A4C5565948 /* OnboardingPainPointsView.swift in Sources */ = {isa = PBXBuildFile; fileRef = 5865CC249D870010FC5EF857 /* OnboardingPainPointsView.swift */; };
		8C18C5036E1F8E9CD2AEC805 /* DataRepository.swift in Sources */ = {isa = PBXBuildFile; fileRef = 30242DE8461022758B69F65E /* DataRepository.swift */; };
		8D814E08FC0171A11A0F6311 /* OnboardingPreferencesView.swift in Sources */ = {isa = PBXBuildFile; fileRef = 3438D2651A0D801C365D7A71 /* OnboardingPreferencesView.swift */; };
		915B80F4CAA7189CFEFE80BC /* common_email_domains.json in Resources */ = {isa = PBXBuildFile; fileRef = 0F11D99C3D1AFE25971BCD78 /* common_email_domains.json */; };
		9594B04DE5FFEDFB804F1E60 /* Localizable.strings in Resources */ = {isa = PBXBuildFile; fileRef = FE98430F446995CC7079D1CF /* Localizable.strings */; };
		97A5D9E6AA6C0505FB632808 /* LitmusTheme.swift in Sources */ = {isa = PBXBuildFile; fileRef = 878F6616C866DEC91B982664 /* LitmusTheme.swift */; };
		9A8A2FE64D28D4E57C1CEF15 /* LitmusEngineTests.swift in Sources */ = {isa = PBXBuildFile; fileRef = 1BEA5BB84E39182398451E57 /* LitmusEngineTests.swift */; };
		A6B7D119E6286922A6981B60 /* OnboardingStep.swift in Sources */ = {isa = PBXBuildFile; fileRef = 3AF425A29AF06DAAFC62CB98 /* OnboardingStep.swift */; };
		A92695BEF144859D41A00E0D /* Foundation.framework in Frameworks */ = {isa = PBXBuildFile; fileRef = 26BEEA3370DFB6FE6932320E /* Foundation.framework */; };
		AA3FAC004D3FC2C76013A259 /* phonetic_rules.json in Resources */ = {isa = PBXBuildFile; fileRef = 276ABE05764C9DAC6E781317 /* phonetic_rules.json */; };
		B34A1B0E22394D12FDD85381 /* PersistenceService.swift in Sources */ = {isa = PBXBuildFile; fileRef = 5624621C7586F83F1B312E7D /* PersistenceService.swift */; };
		C607313F3EFC8468C349A789 /* SettingsScreen.swift in Sources */ = {isa = PBXBuildFile; fileRef = 9ACE39217AF82B955E5D24A3 /* SettingsScreen.swift */; };
		C9A33A9CFA739545E1852BFB /* NameModels.swift in Sources */ = {isa = PBXBuildFile; fileRef = 0CFE515C0B5120A2EA301DC2 /* NameModels.swift */; };
		CCBA968967DCE305542185FF /* LitmusRenderTests.swift in Sources */ = {isa = PBXBuildFile; fileRef = D7C7B1FEA53C4333A4B74F6E /* LitmusRenderTests.swift */; };
		D5EF9CED9EA209E7264D5202 /* OnboardingSwipeCardsView.swift in Sources */ = {isa = PBXBuildFile; fileRef = BF5932AAB868E9887ECB8F60 /* OnboardingSwipeCardsView.swift */; };
		DE1C656BB4B844CC5D7A3472 /* InputScreen.swift in Sources */ = {isa = PBXBuildFile; fileRef = 0F0322DFBA56C9AB44A2A47B /* InputScreen.swift */; };
		E31A21532BD569951C6EBD3C /* popular_names_frequency.json in Resources */ = {isa = PBXBuildFile; fileRef = 01FDA75AD946FAE04CF6232B /* popular_names_frequency.json */; };
		E966C31F36CF56F56CC48864 /* OnboardingDemoResultsView.swift in Sources */ = {isa = PBXBuildFile; fileRef = 1DA5B6BF4596DA63691413BB /* OnboardingDemoResultsView.swift */; };
		EB66E94914AE6935D2B0AA4E /* Assets.xcassets in Resources */ = {isa = PBXBuildFile; fileRef = 09F10DE9DC65FB7968DAA625 /* Assets.xcassets */; };
		F4BA9675CA8391D245EDFEAE /* ShareCardRenderer.swift in Sources */ = {isa = PBXBuildFile; fileRef = 96F757B02A8C06A31B98AE3D /* ShareCardRenderer.swift */; };
		FD7323EF626082483A6E1964 /* SplashScreen.swift in Sources */ = {isa = PBXBuildFile; fileRef = 83C3776011DC228E582CF546 /* SplashScreen.swift */; };
/* End PBXBuildFile section */

/* Begin PBXContainerItemProxy section */
		32F5D5ED9634D1731C1B83C3 /* PBXContainerItemProxy */ = {
			isa = PBXContainerItemProxy;
			containerPortal = 13B5EB671CF8981F76FCAD80 /* Project object */;
			proxyType = 1;
			remoteGlobalIDString = 10625253F0B0EAA4D9E03615;
			remoteInfo = Litmus;
		};
		A84A9A80C14278AE70E977BC /* PBXContainerItemProxy */ = {
			isa = PBXContainerItemProxy;
			containerPortal = 13B5EB671CF8981F76FCAD80 /* Project object */;
			proxyType = 1;
			remoteGlobalIDString = 10625253F0B0EAA4D9E03615;
			remoteInfo = Litmus;
		};
/* End PBXContainerItemProxy section */

/* Begin PBXFileReference section */
		01FDA75AD946FAE04CF6232B /* popular_names_frequency.json */ = {isa = PBXFileReference; includeInIndex = 1; path = popular_names_frequency.json; sourceTree = "<group>"; };
		05023C5E06A82326E3221290 /* OnboardingSolutionView.swift */ = {isa = PBXFileReference; includeInIndex = 1; lastKnownFileType = sourcecode.swift; path = OnboardingSolutionView.swift; sourceTree = "<group>"; };
		09F10DE9DC65FB7968DAA625 /* Assets.xcassets */ = {isa = PBXFileReference; includeInIndex = 1; lastKnownFileType = folder.assetcatalog; path = Assets.xcassets; sourceTree = "<group>"; };
		0CFE515C0B5120A2EA301DC2 /* NameModels.swift */ = {isa = PBXFileReference; includeInIndex = 1; lastKnownFileType = sourcecode.swift; path = NameModels.swift; sourceTree = "<group>"; };
		0EF93C2406317EA4914D1D45 /* ResultsScreen.swift */ = {isa = PBXFileReference; includeInIndex = 1; lastKnownFileType = sourcecode.swift; path = ResultsScreen.swift; sourceTree = "<group>"; };
		0F0322DFBA56C9AB44A2A47B /* InputScreen.swift */ = {isa = PBXFileReference; includeInIndex = 1; lastKnownFileType = sourcecode.swift; path = InputScreen.swift; sourceTree = "<group>"; };
		0F11D99C3D1AFE25971BCD78 /* common_email_domains.json */ = {isa = PBXFileReference; includeInIndex = 1; path = common_email_domains.json; sourceTree = "<group>"; };
		101F2DBCFBDD3118FA8434B0 /* OnboardingSocialProofView.swift */ = {isa = PBXFileReference; includeInIndex = 1; lastKnownFileType = sourcecode.swift; path = OnboardingSocialProofView.swift; sourceTree = "<group>"; };
		11219CADB41F0494FE623077 /* OnboardingFlowView.swift */ = {isa = PBXFileReference; includeInIndex = 1; lastKnownFileType = sourcecode.swift; path = OnboardingFlowView.swift; sourceTree = "<group>"; };
		12FE4AA9DEAB530884529727 /* LitmusApp.swift */ = {isa = PBXFileReference; includeInIndex = 1; lastKnownFileType = sourcecode.swift; path = LitmusApp.swift; sourceTree = "<group>"; };
		15EB4BB1034D155F5B801D33 /* Analyzers.swift */ = {isa = PBXFileReference; includeInIndex = 1; lastKnownFileType = sourcecode.swift; path = Analyzers.swift; sourceTree = "<group>"; };
		1BEA5BB84E39182398451E57 /* LitmusEngineTests.swift */ = {isa = PBXFileReference; includeInIndex = 1; lastKnownFileType = sourcecode.swift; path = LitmusEngineTests.swift; sourceTree = "<group>"; };
		1DA5B6BF4596DA63691413BB /* OnboardingDemoResultsView.swift */ = {isa = PBXFileReference; includeInIndex = 1; lastKnownFileType = sourcecode.swift; path = OnboardingDemoResultsView.swift; sourceTree = "<group>"; };
		1E0F0955B312662407574E27 /* rhyme_patterns.json */ = {isa = PBXFileReference; includeInIndex = 1; path = rhyme_patterns.json; sourceTree = "<group>"; };
		26BEEA3370DFB6FE6932320E /* Foundation.framework */ = {isa = PBXFileReference; lastKnownFileType = wrapper.framework; name = Foundation.framework; path = Platforms/iPhoneOS.platform/Developer/SDKs/iPhoneOS18.0.sdk/System/Library/Frameworks/Foundation.framework; sourceTree = DEVELOPER_DIR; };
		276ABE05764C9DAC6E781317 /* phonetic_rules.json */ = {isa = PBXFileReference; includeInIndex = 1; path = phonetic_rules.json; sourceTree = "<group>"; };
		2809ED449B86D8094E1898AA /* OnboardingWelcomeView.swift */ = {isa = PBXFileReference; includeInIndex = 1; lastKnownFileType = sourcecode.swift; path = OnboardingWelcomeView.swift; sourceTree = "<group>"; };
		2EFD706A2E71A3248ADC6E5B /* PrivacyInfo.xcprivacy */ = {isa = PBXFileReference; includeInIndex = 1; path = PrivacyInfo.xcprivacy; sourceTree = "<group>"; };
		30242DE8461022758B69F65E /* DataRepository.swift */ = {isa = PBXFileReference; includeInIndex = 1; lastKnownFileType = sourcecode.swift; path = DataRepository.swift; sourceTree = "<group>"; };
		3438D2651A0D801C365D7A71 /* OnboardingPreferencesView.swift */ = {isa = PBXFileReference; includeInIndex = 1; lastKnownFileType = sourcecode.swift; path = OnboardingPreferencesView.swift; sourceTree = "<group>"; };
		3AF425A29AF06DAAFC62CB98 /* OnboardingStep.swift */ = {isa = PBXFileReference; includeInIndex = 1; lastKnownFileType = sourcecode.swift; path = OnboardingStep.swift; sourceTree = "<group>"; };
		400E8DDF0F7542F1B67E338B /* Manrope-VariableFont.ttf */ = {isa = PBXFileReference; includeInIndex = 1; path = "Manrope-VariableFont.ttf"; sourceTree = "<group>"; };
		4F4848F552C1F8D68B0CBBD6 /* OnboardingProcessingView.swift */ = {isa = PBXFileReference; includeInIndex = 1; lastKnownFileType = sourcecode.swift; path = OnboardingProcessingView.swift; sourceTree = "<group>"; };
		5624621C7586F83F1B312E7D /* PersistenceService.swift */ = {isa = PBXFileReference; includeInIndex = 1; lastKnownFileType = sourcecode.swift; path = PersistenceService.swift; sourceTree = "<group>"; };
		5865CC249D870010FC5EF857 /* OnboardingPainPointsView.swift */ = {isa = PBXFileReference; includeInIndex = 1; lastKnownFileType = sourcecode.swift; path = OnboardingPainPointsView.swift; sourceTree = "<group>"; };
		77C0BBFBB978F3A24C3ED8E2 /* LitmusComponents.swift */ = {isa = PBXFileReference; includeInIndex = 1; lastKnownFileType = sourcecode.swift; path = LitmusComponents.swift; sourceTree = "<group>"; };
		7DC9FFB3D5909469EE931577 /* OnboardingDemoInputView.swift */ = {isa = PBXFileReference; includeInIndex = 1; lastKnownFileType = sourcecode.swift; path = OnboardingDemoInputView.swift; sourceTree = "<group>"; };
		83C3776011DC228E582CF546 /* SplashScreen.swift */ = {isa = PBXFileReference; includeInIndex = 1; lastKnownFileType = sourcecode.swift; path = SplashScreen.swift; sourceTree = "<group>"; };
		878F6616C866DEC91B982664 /* LitmusTheme.swift */ = {isa = PBXFileReference; includeInIndex = 1; lastKnownFileType = sourcecode.swift; path = LitmusTheme.swift; sourceTree = "<group>"; };
		8CAB5D86C503A6A686411C44 /* Models.swift */ = {isa = PBXFileReference; includeInIndex = 1; lastKnownFileType = sourcecode.swift; path = Models.swift; sourceTree = "<group>"; };
		8E9D3CADE66A94F8D66627D8 /* SystemHelpers.swift */ = {isa = PBXFileReference; includeInIndex = 1; lastKnownFileType = sourcecode.swift; path = SystemHelpers.swift; sourceTree = "<group>"; };
		9152BE26FAA9179CA8DF1F26 /* AppCoordinator.swift */ = {isa = PBXFileReference; includeInIndex = 1; lastKnownFileType = sourcecode.swift; path = AppCoordinator.swift; sourceTree = "<group>"; };
		9413CA71D7C6CDA05C9C9E17 /* OnboardingGoalView.swift */ = {isa = PBXFileReference; includeInIndex = 1; lastKnownFileType = sourcecode.swift; path = OnboardingGoalView.swift; sourceTree = "<group>"; };
		96F757B02A8C06A31B98AE3D /* ShareCardRenderer.swift */ = {isa = PBXFileReference; includeInIndex = 1; lastKnownFileType = sourcecode.swift; path = ShareCardRenderer.swift; sourceTree = "<group>"; };
		9ACE39217AF82B955E5D24A3 /* SettingsScreen.swift */ = {isa = PBXFileReference; includeInIndex = 1; lastKnownFileType = sourcecode.swift; path = SettingsScreen.swift; sourceTree = "<group>"; };
		A9C7EE388F6B911C448FD2A4 /* HistoryScreen.swift */ = {isa = PBXFileReference; includeInIndex = 1; lastKnownFileType = sourcecode.swift; path = HistoryScreen.swift; sourceTree = "<group>"; };
		B4428FBB1D4E08AC94DE4E0F /* historical_namesakes.json */ = {isa = PBXFileReference; includeInIndex = 1; path = historical_namesakes.json; sourceTree = "<group>"; };
		BF5932AAB868E9887ECB8F60 /* OnboardingSwipeCardsView.swift */ = {isa = PBXFileReference; includeInIndex = 1; lastKnownFileType = sourcecode.swift; path = OnboardingSwipeCardsView.swift; sourceTree = "<group>"; };
		C92D400B9282CB4D8AC4CB01 /* Litmus.app */ = {isa = PBXFileReference; explicitFileType = wrapper.application; includeInIndex = 0; path = Litmus.app; sourceTree = BUILT_PRODUCTS_DIR; };
		CB4A05DDF0AE187C15B5449F /* bad_initials.json */ = {isa = PBXFileReference; includeInIndex = 1; path = bad_initials.json; sourceTree = "<group>"; };
		CCC2DB5C95C4D67F719C3DB7 /* LitmusUITests.xctest */ = {isa = PBXFileReference; explicitFileType = wrapper.cfbundle; includeInIndex = 0; path = LitmusUITests.xctest; sourceTree = BUILT_PRODUCTS_DIR; };
		D7C7B1FEA53C4333A4B74F6E /* LitmusRenderTests.swift */ = {isa = PBXFileReference; includeInIndex = 1; lastKnownFileType = sourcecode.swift; path = LitmusRenderTests.swift; sourceTree = "<group>"; };
		DFE3AF8179A028F12CF4B6DD /* OnboardingViewModel.swift */ = {isa = PBXFileReference; includeInIndex = 1; lastKnownFileType = sourcecode.swift; path = OnboardingViewModel.swift; sourceTree = "<group>"; };
		E07359C7D553F3065B09BBD3 /* LitmusTests.xctest */ = {isa = PBXFileReference; explicitFileType = wrapper.cfbundle; includeInIndex = 0; path = LitmusTests.xctest; sourceTree = BUILT_PRODUCTS_DIR; };
		F451D8251079F2A3D5505DB9 /* NameTestEngine.swift */ = {isa = PBXFileReference; includeInIndex = 1; lastKnownFileType = sourcecode.swift; path = NameTestEngine.swift; sourceTree = "<group>"; };
		F95AA4631542A144A07FC5F6 /* TestDetailData.swift */ = {isa = PBXFileReference; includeInIndex = 1; lastKnownFileType = sourcecode.swift; path = TestDetailData.swift; sourceTree = "<group>"; };
		F977C03FE72C552476F8947F /* LitmusUITests.swift */ = {isa = PBXFileReference; includeInIndex = 1; lastKnownFileType = sourcecode.swift; path = LitmusUITests.swift; sourceTree = "<group>"; };
		FE98430F446995CC7079D1CF /* Localizable.strings */ = {isa = PBXFileReference; includeInIndex = 1; lastKnownFileType = text.plist.strings; path = Localizable.strings; sourceTree = "<group>"; };
/* End PBXFileReference section */

/* Begin PBXFrameworksBuildPhase section */
		06ADDE4A59F21C58D871581B /* Frameworks */ = {
			isa = PBXFrameworksBuildPhase;
			buildActionMask = 2147483647;
			files = (
				020DE1AFB1A1014567668D1D /* Foundation.framework in Frameworks */,
			);
			runOnlyForDeploymentPostprocessing = 0;
		};
		461E5BDB4FBE95360F59B7F4 /* Frameworks */ = {
			isa = PBXFrameworksBuildPhase;
			buildActionMask = 2147483647;
			files = (
				A92695BEF144859D41A00E0D /* Foundation.framework in Frameworks */,
			);
			runOnlyForDeploymentPostprocessing = 0;
		};
		93D0436198732518A2DB43AE /* Frameworks */ = {
			isa = PBXFrameworksBuildPhase;
			buildActionMask = 2147483647;
			files = (
				1779FDB4BA323A351095D076 /* Foundation.framework in Frameworks */,
			);
			runOnlyForDeploymentPostprocessing = 0;
		};
/* End PBXFrameworksBuildPhase section */

/* Begin PBXGroup section */
		0231BDEA22110C79B289898A /* Persistence */ = {
			isa = PBXGroup;
			children = (
				8CAB5D86C503A6A686411C44 /* Models.swift */,
				5624621C7586F83F1B312E7D /* PersistenceService.swift */,
			);
			name = Persistence;
			path = Persistence;
			sourceTree = "<group>";
		};
		1B5F4AAC6517189457654F6F /* Engine */ = {
			isa = PBXGroup;
			children = (
				15EB4BB1034D155F5B801D33 /* Analyzers.swift */,
				30242DE8461022758B69F65E /* DataRepository.swift */,
				0CFE515C0B5120A2EA301DC2 /* NameModels.swift */,
				F451D8251079F2A3D5505DB9 /* NameTestEngine.swift */,
				F95AA4631542A144A07FC5F6 /* TestDetailData.swift */,
			);
			name = Engine;
			path = Engine;
			sourceTree = "<group>";
		};
		26CBDCF31D712320AC98C915 /* Settings */ = {
			isa = PBXGroup;
			children = (
				9ACE39217AF82B955E5D24A3 /* SettingsScreen.swift */,
			);
			name = Settings;
			path = Settings;
			sourceTree = "<group>";
		};
		3CDEFF5089CE6CE52CCCCCA7 /* Input */ = {
			isa = PBXGroup;
			children = (
				0F0322DFBA56C9AB44A2A47B /* InputScreen.swift */,
			);
			name = Input;
			path = Input;
			sourceTree = "<group>";
		};
		4BB86CA2E4AB97EA87B49811 /* Frameworks */ = {
			isa = PBXGroup;
			children = (
				9B2A617DA1F9B6D8B9660FD1 /* iOS */,
			);
			name = Frameworks;
			sourceTree = "<group>";
		};
		51AD2B71EB7DC5B9A5F1F3F7 /* Features */ = {
			isa = PBXGroup;
			children = (
				D0D75812616AA96D59DD6724 /* History */,
				3CDEFF5089CE6CE52CCCCCA7 /* Input */,
				F4181437780BD184940DCC3F /* Onboarding */,
				C787BDB5D6A3024435455743 /* Results */,
				26CBDCF31D712320AC98C915 /* Settings */,
				EE96F16C0BAE5429B2BED25D /* Splash */,
			);
			name = Features;
			path = Features;
			sourceTree = "<group>";
		};
		5B9DF809FB20FE060255B362 = {
			isa = PBXGroup;
			children = (
				F0057980D22FF07763533ECD /* Products */,
				4BB86CA2E4AB97EA87B49811 /* Frameworks */,
				9DC121AE31B635D3A0322F76 /* Litmus */,
				A359D2AD59618978A1DF9539 /* LitmusTests */,
				AF26EE1412C72DC0994EF57B /* LitmusUITests */,
			);
			sourceTree = "<group>";
		};
		6F86B605761E5573A1D8AE58 /* Utilities */ = {
			isa = PBXGroup;
			children = (
				96F757B02A8C06A31B98AE3D /* ShareCardRenderer.swift */,
				8E9D3CADE66A94F8D66627D8 /* SystemHelpers.swift */,
			);
			name = Utilities;
			path = Utilities;
			sourceTree = "<group>";
		};
		977E69FC32E0B586DC9A8CB7 /* Resources */ = {
			isa = PBXGroup;
			children = (
				09F10DE9DC65FB7968DAA625 /* Assets.xcassets */,
				B6D609581EE5C051CFA8CB93 /* Data */,
				B55BB16A33E8EEFBFFECAFB2 /* Fonts */,
				FE98430F446995CC7079D1CF /* Localizable.strings */,
				2EFD706A2E71A3248ADC6E5B /* PrivacyInfo.xcprivacy */,
			);
			name = Resources;
			path = Resources;
			sourceTree = "<group>";
		};
		9B2A617DA1F9B6D8B9660FD1 /* iOS */ = {
			isa = PBXGroup;
			children = (
				26BEEA3370DFB6FE6932320E /* Foundation.framework */,
			);
			name = iOS;
			sourceTree = "<group>";
		};
		9DC121AE31B635D3A0322F76 /* Litmus */ = {
			isa = PBXGroup;
			children = (
				C01FF660DCCDC68B653A5201 /* App */,
				AAB2D2717BB7D830BE4CCDC4 /* DesignSystem */,
				1B5F4AAC6517189457654F6F /* Engine */,
				51AD2B71EB7DC5B9A5F1F3F7 /* Features */,
				0231BDEA22110C79B289898A /* Persistence */,
				977E69FC32E0B586DC9A8CB7 /* Resources */,
				6F86B605761E5573A1D8AE58 /* Utilities */,
			);
			name = Litmus;
			path = Litmus;
			sourceTree = "<group>";
		};
		A359D2AD59618978A1DF9539 /* LitmusTests */ = {
			isa = PBXGroup;
			children = (
				1BEA5BB84E39182398451E57 /* LitmusEngineTests.swift */,
				D7C7B1FEA53C4333A4B74F6E /* LitmusRenderTests.swift */,
			);
			name = LitmusTests;
			path = LitmusTests;
			sourceTree = "<group>";
		};
		AAB2D2717BB7D830BE4CCDC4 /* DesignSystem */ = {
			isa = PBXGroup;
			children = (
				77C0BBFBB978F3A24C3ED8E2 /* LitmusComponents.swift */,
				878F6616C866DEC91B982664 /* LitmusTheme.swift */,
			);
			name = DesignSystem;
			path = DesignSystem;
			sourceTree = "<group>";
		};
		AF26EE1412C72DC0994EF57B /* LitmusUITests */ = {
			isa = PBXGroup;
			children = (
				F977C03FE72C552476F8947F /* LitmusUITests.swift */,
			);
			name = LitmusUITests;
			path = LitmusUITests;
			sourceTree = "<group>";
		};
		B55BB16A33E8EEFBFFECAFB2 /* Fonts */ = {
			isa = PBXGroup;
			children = (
				400E8DDF0F7542F1B67E338B /* Manrope-VariableFont.ttf */,
			);
			name = Fonts;
			path = Fonts;
			sourceTree = "<group>";
		};
		B6D609581EE5C051CFA8CB93 /* Data */ = {
			isa = PBXGroup;
			children = (
				CB4A05DDF0AE187C15B5449F /* bad_initials.json */,
				0F11D99C3D1AFE25971BCD78 /* common_email_domains.json */,
				B4428FBB1D4E08AC94DE4E0F /* historical_namesakes.json */,
				276ABE05764C9DAC6E781317 /* phonetic_rules.json */,
				01FDA75AD946FAE04CF6232B /* popular_names_frequency.json */,
				1E0F0955B312662407574E27 /* rhyme_patterns.json */,
			);
			name = Data;
			path = Data;
			sourceTree = "<group>";
		};
		C01FF660DCCDC68B653A5201 /* App */ = {
			isa = PBXGroup;
			children = (
				9152BE26FAA9179CA8DF1F26 /* AppCoordinator.swift */,
				12FE4AA9DEAB530884529727 /* LitmusApp.swift */,
			);
			name = App;
			path = App;
			sourceTree = "<group>";
		};
		C787BDB5D6A3024435455743 /* Results */ = {
			isa = PBXGroup;
			children = (
				0EF93C2406317EA4914D1D45 /* ResultsScreen.swift */,
			);
			name = Results;
			path = Results;
			sourceTree = "<group>";
		};
		D0D75812616AA96D59DD6724 /* History */ = {
			isa = PBXGroup;
			children = (
				A9C7EE388F6B911C448FD2A4 /* HistoryScreen.swift */,
			);
			name = History;
			path = History;
			sourceTree = "<group>";
		};
		EE96F16C0BAE5429B2BED25D /* Splash */ = {
			isa = PBXGroup;
			children = (
				83C3776011DC228E582CF546 /* SplashScreen.swift */,
			);
			name = Splash;
			path = Splash;
			sourceTree = "<group>";
		};
		F0057980D22FF07763533ECD /* Products */ = {
			isa = PBXGroup;
			children = (
				C92D400B9282CB4D8AC4CB01 /* Litmus.app */,
				E07359C7D553F3065B09BBD3 /* LitmusTests.xctest */,
				CCC2DB5C95C4D67F719C3DB7 /* LitmusUITests.xctest */,
			);
			name = Products;
			sourceTree = "<group>";
		};
		F4181437780BD184940DCC3F /* Onboarding */ = {
			isa = PBXGroup;
			children = (
				7DC9FFB3D5909469EE931577 /* OnboardingDemoInputView.swift */,
				1DA5B6BF4596DA63691413BB /* OnboardingDemoResultsView.swift */,
				11219CADB41F0494FE623077 /* OnboardingFlowView.swift */,
				9413CA71D7C6CDA05C9C9E17 /* OnboardingGoalView.swift */,
				5865CC249D870010FC5EF857 /* OnboardingPainPointsView.swift */,
				3438D2651A0D801C365D7A71 /* OnboardingPreferencesView.swift */,
				4F4848F552C1F8D68B0CBBD6 /* OnboardingProcessingView.swift */,
				101F2DBCFBDD3118FA8434B0 /* OnboardingSocialProofView.swift */,
				05023C5E06A82326E3221290 /* OnboardingSolutionView.swift */,
				3AF425A29AF06DAAFC62CB98 /* OnboardingStep.swift */,
				BF5932AAB868E9887ECB8F60 /* OnboardingSwipeCardsView.swift */,
				DFE3AF8179A028F12CF4B6DD /* OnboardingViewModel.swift */,
				2809ED449B86D8094E1898AA /* OnboardingWelcomeView.swift */,
			);
			name = Onboarding;
			path = Onboarding;
			sourceTree = "<group>";
		};
/* End PBXGroup section */

/* Begin PBXNativeTarget section */
		07AF1440CE6382293909C0B4 /* LitmusTests */ = {
			isa = PBXNativeTarget;
			buildConfigurationList = 826897B1BD4AE566CD0822F2 /* Build configuration list for PBXNativeTarget "LitmusTests" */;
			buildPhases = (
				200AB8277EF9800DFE8A6936 /* Sources */,
				06ADDE4A59F21C58D871581B /* Frameworks */,
				BE8B5BF853F207C8CCA122FD /* Resources */,
			);
			buildRules = (
			);
			dependencies = (
				1ACD2328D991E00B01C46CD5 /* PBXTargetDependency */,
			);
			name = LitmusTests;
			productName = LitmusTests;
			productReference = E07359C7D553F3065B09BBD3 /* LitmusTests.xctest */;
			productType = "com.apple.product-type.bundle.unit-test";
		};
		10625253F0B0EAA4D9E03615 /* Litmus */ = {
			isa = PBXNativeTarget;
			buildConfigurationList = C2F024C6FCEBACF66206BBF8 /* Build configuration list for PBXNativeTarget "Litmus" */;
			buildPhases = (
				7C04ABE305E973BA230E3CED /* Sources */,
				461E5BDB4FBE95360F59B7F4 /* Frameworks */,
				58ABBD259387585B0B6244DF /* Resources */,
			);
			buildRules = (
			);
			dependencies = (
			);
			name = Litmus;
			productName = Litmus;
			productReference = C92D400B9282CB4D8AC4CB01 /* Litmus.app */;
			productType = "com.apple.product-type.application";
		};
		F78507D916421D32235BDA36 /* LitmusUITests */ = {
			isa = PBXNativeTarget;
			buildConfigurationList = 7A177B1A376F50EC120FAA40 /* Build configuration list for PBXNativeTarget "LitmusUITests" */;
			buildPhases = (
				666F2AAF0F3C72C8CDAB03A5 /* Sources */,
				93D0436198732518A2DB43AE /* Frameworks */,
				FC2BEB881D46AB72A12A8373 /* Resources */,
			);
			buildRules = (
			);
			dependencies = (
				8B55FB3D237EF77175B5F85E /* PBXTargetDependency */,
			);
			name = LitmusUITests;
			productName = LitmusUITests;
			productReference = CCC2DB5C95C4D67F719C3DB7 /* LitmusUITests.xctest */;
			productType = "com.apple.product-type.bundle.ui-testing";
		};
/* End PBXNativeTarget section */

/* Begin PBXProject section */
		13B5EB671CF8981F76FCAD80 /* Project object */ = {
			isa = PBXProject;
			attributes = {
				LastSwiftUpdateCheck = 1640;
				LastUpgradeCheck = 1640;
			};
			buildConfigurationList = 54D731BB7D706CD5F9E4C255 /* Build configuration list for PBXProject "Litmus" */;
			compatibilityVersion = "Xcode 3.2";
			developmentRegion = en;
			hasScannedForEncodings = 0;
			knownRegions = (
				en,
				Base,
			);
			mainGroup = 5B9DF809FB20FE060255B362;
			minimizedProjectReferenceProxies = 0;
			preferredProjectObjectVersion = 77;
			productRefGroup = F0057980D22FF07763533ECD /* Products */;
			projectDirPath = "";
			projectRoot = "";
			targets = (
				10625253F0B0EAA4D9E03615 /* Litmus */,
				07AF1440CE6382293909C0B4 /* LitmusTests */,
				F78507D916421D32235BDA36 /* LitmusUITests */,
			);
		};
/* End PBXProject section */

/* Begin PBXResourcesBuildPhase section */
		58ABBD259387585B0B6244DF /* Resources */ = {
			isa = PBXResourcesBuildPhase;
			buildActionMask = 2147483647;
			files = (
				EB66E94914AE6935D2B0AA4E /* Assets.xcassets in Resources */,
				50E0836916EF36DCF18486D9 /* bad_initials.json in Resources */,
				915B80F4CAA7189CFEFE80BC /* common_email_domains.json in Resources */,
				7D2A7A2B48D8C0D37CBFA146 /* historical_namesakes.json in Resources */,
				AA3FAC004D3FC2C76013A259 /* phonetic_rules.json in Resources */,
				E31A21532BD569951C6EBD3C /* popular_names_frequency.json in Resources */,
				74B6DFA39EEBD075ADF7C05C /* rhyme_patterns.json in Resources */,
				1097BBE864D018D2C3B47AB3 /* Manrope-VariableFont.ttf in Resources */,
				9594B04DE5FFEDFB804F1E60 /* Localizable.strings in Resources */,
				857C79D6D0E9BD36C7843CCD /* PrivacyInfo.xcprivacy in Resources */,
			);
			runOnlyForDeploymentPostprocessing = 0;
		};
		BE8B5BF853F207C8CCA122FD /* Resources */ = {
			isa = PBXResourcesBuildPhase;
			buildActionMask = 2147483647;
			files = (
			);
			runOnlyForDeploymentPostprocessing = 0;
		};
		FC2BEB881D46AB72A12A8373 /* Resources */ = {
			isa = PBXResourcesBuildPhase;
			buildActionMask = 2147483647;
			files = (
			);
			runOnlyForDeploymentPostprocessing = 0;
		};
/* End PBXResourcesBuildPhase section */

/* Begin PBXSourcesBuildPhase section */
		200AB8277EF9800DFE8A6936 /* Sources */ = {
			isa = PBXSourcesBuildPhase;
			buildActionMask = 2147483647;
			files = (
				9A8A2FE64D28D4E57C1CEF15 /* LitmusEngineTests.swift in Sources */,
				CCBA968967DCE305542185FF /* LitmusRenderTests.swift in Sources */,
			);
			runOnlyForDeploymentPostprocessing = 0;
		};
		666F2AAF0F3C72C8CDAB03A5 /* Sources */ = {
			isa = PBXSourcesBuildPhase;
			buildActionMask = 2147483647;
			files = (
				833B783264EC3B0D25EEAF5D /* LitmusUITests.swift in Sources */,
			);
			runOnlyForDeploymentPostprocessing = 0;
		};
		7C04ABE305E973BA230E3CED /* Sources */ = {
			isa = PBXSourcesBuildPhase;
			buildActionMask = 2147483647;
			files = (
				70968216E2B1E32506A888E8 /* AppCoordinator.swift in Sources */,
				5430C20651FDE4A9E6EE7051 /* LitmusApp.swift in Sources */,
				5C879C51AC7C9AA344CECC84 /* LitmusComponents.swift in Sources */,
				97A5D9E6AA6C0505FB632808 /* LitmusTheme.swift in Sources */,
				6E6853079362952367B4CEEF /* Analyzers.swift in Sources */,
				8C18C5036E1F8E9CD2AEC805 /* DataRepository.swift in Sources */,
				C9A33A9CFA739545E1852BFB /* NameModels.swift in Sources */,
				64B763E2084C18F379B0B604 /* NameTestEngine.swift in Sources */,
				32ED97465123BA54E9416E99 /* TestDetailData.swift in Sources */,
				211A66C8CC74399B277D4A31 /* HistoryScreen.swift in Sources */,
				DE1C656BB4B844CC5D7A3472 /* InputScreen.swift in Sources */,
				36088E5F3682F1BD1B010BCB /* OnboardingDemoInputView.swift in Sources */,
				E966C31F36CF56F56CC48864 /* OnboardingDemoResultsView.swift in Sources */,
				81D33C9580036A5F885293CE /* OnboardingFlowView.swift in Sources */,
				75AA3C753E486B23A8CD227A /* OnboardingGoalView.swift in Sources */,
				8A0C8A8E991026A4C5565948 /* OnboardingPainPointsView.swift in Sources */,
				8D814E08FC0171A11A0F6311 /* OnboardingPreferencesView.swift in Sources */,
				4C9AE5569D82B31FC367DAC4 /* OnboardingProcessingView.swift in Sources */,
				4AF893880EC500E869449375 /* OnboardingSocialProofView.swift in Sources */,
				743ECB556A87122ED8A7CECA /* OnboardingSolutionView.swift in Sources */,
				A6B7D119E6286922A6981B60 /* OnboardingStep.swift in Sources */,
				D5EF9CED9EA209E7264D5202 /* OnboardingSwipeCardsView.swift in Sources */,
				7DC37EA8C40D649A469D59FD /* OnboardingViewModel.swift in Sources */,
				356B7B6D32A773CC3E22096B /* OnboardingWelcomeView.swift in Sources */,
				01BAEC87BA8FC139225890FE /* ResultsScreen.swift in Sources */,
				C607313F3EFC8468C349A789 /* SettingsScreen.swift in Sources */,
				FD7323EF626082483A6E1964 /* SplashScreen.swift in Sources */,
				362F0DF66A572186AAB1A389 /* Models.swift in Sources */,
				B34A1B0E22394D12FDD85381 /* PersistenceService.swift in Sources */,
				F4BA9675CA8391D245EDFEAE /* ShareCardRenderer.swift in Sources */,
				5BB7E3E9B0F2909C2E6EC4A9 /* SystemHelpers.swift in Sources */,
			);
			runOnlyForDeploymentPostprocessing = 0;
		};
/* End PBXSourcesBuildPhase section */

/* Begin PBXTargetDependency section */
		1ACD2328D991E00B01C46CD5 /* PBXTargetDependency */ = {
			isa = PBXTargetDependency;
			name = Litmus;
			target = 10625253F0B0EAA4D9E03615 /* Litmus */;
			targetProxy = 32F5D5ED9634D1731C1B83C3 /* PBXContainerItemProxy */;
		};
		8B55FB3D237EF77175B5F85E /* PBXTargetDependency */ = {
			isa = PBXTargetDependency;
			name = Litmus;
			target = 10625253F0B0EAA4D9E03615 /* Litmus */;
			targetProxy = A84A9A80C14278AE70E977BC /* PBXContainerItemProxy */;
		};
/* End PBXTargetDependency section */

/* Begin XCBuildConfiguration section */
		2220825D436FD2261C7887EB /* Release */ = {
			isa = XCBuildConfiguration;
			buildSettings = {
				CLANG_ENABLE_OBJC_WEAK = NO;
				CODE_SIGN_STYLE = Automatic;
				DEVELOPMENT_TEAM = "";
				INFOPLIST_FILE = LitmusUITests/Info.plist;
				IPHONEOS_DEPLOYMENT_TARGET = 17.0;
				PRODUCT_BUNDLE_IDENTIFIER = com.antonchepur.litmus.uitests;
				PRODUCT_NAME = "$(TARGET_NAME)";
				SDKROOT = iphoneos;
				TARGETED_DEVICE_FAMILY = "1,2";
				TEST_TARGET_NAME = Litmus;
				VALIDATE_PRODUCT = YES;
			};
			name = Release;
		};
		43194BD5D30B1E893FB19B25 /* Debug */ = {
			isa = XCBuildConfiguration;
			buildSettings = {
				BUNDLE_LOADER = "$(TEST_HOST)";
				CLANG_ENABLE_OBJC_WEAK = NO;
				CODE_SIGN_STYLE = Automatic;
				DEVELOPMENT_TEAM = "";
				INFOPLIST_FILE = LitmusTests/Info.plist;
				IPHONEOS_DEPLOYMENT_TARGET = 17.0;
				PRODUCT_BUNDLE_IDENTIFIER = com.antonchepur.litmus.tests;
				PRODUCT_NAME = "$(TARGET_NAME)";
				SDKROOT = iphoneos;
				TARGETED_DEVICE_FAMILY = "1,2";
				TEST_HOST = "$(BUILT_PRODUCTS_DIR)/Litmus.app/Litmus";
			};
			name = Debug;
		};
		4BF900CE9EEC57CA99102699 /* Release */ = {
			isa = XCBuildConfiguration;
			buildSettings = {
				ALWAYS_SEARCH_USER_PATHS = NO;
				CLANG_ANALYZER_NONNULL = YES;
				CLANG_ANALYZER_NUMBER_OBJECT_CONVERSION = YES_AGGRESSIVE;
				CLANG_CXX_LANGUAGE_STANDARD = "gnu++14";
				CLANG_CXX_LIBRARY = "libc++";
				CLANG_ENABLE_MODULES = YES;
				CLANG_ENABLE_OBJC_ARC = YES;
				CLANG_ENABLE_OBJC_WEAK = YES;
				CLANG_WARN_BLOCK_CAPTURE_AUTORELEASING = YES;
				CLANG_WARN_BOOL_CONVERSION = YES;
				CLANG_WARN_COMMA = YES;
				CLANG_WARN_CONSTANT_CONVERSION = YES;
				CLANG_WARN_DEPRECATED_OBJC_IMPLEMENTATIONS = YES;
				CLANG_WARN_DIRECT_OBJC_ISA_USAGE = YES_ERROR;
				CLANG_WARN_DOCUMENTATION_COMMENTS = YES;
				CLANG_WARN_EMPTY_BODY = YES;
				CLANG_WARN_ENUM_CONVERSION = YES;
				CLANG_WARN_INFINITE_RECURSION = YES;
				CLANG_WARN_INT_CONVERSION = YES;
				CLANG_WARN_NON_LITERAL_NULL_CONVERSION = YES;
				CLANG_WARN_OBJC_IMPLICIT_RETAIN_SELF = YES;
				CLANG_WARN_OBJC_LITERAL_CONVERSION = YES;
				CLANG_WARN_OBJC_ROOT_CLASS = YES_ERROR;
				CLANG_WARN_QUOTED_INCLUDE_IN_FRAMEWORK_HEADER = YES;
				CLANG_WARN_RANGE_LOOP_ANALYSIS = YES;
				CLANG_WARN_STRICT_PROTOTYPES = YES;
				CLANG_WARN_SUSPICIOUS_MOVE = YES;
				CLANG_WARN_UNGUARDED_AVAILABILITY = YES_AGGRESSIVE;
				CLANG_WARN_UNREACHABLE_CODE = YES;
				CLANG_WARN__DUPLICATE_METHOD_MATCH = YES;
				COPY_PHASE_STRIP = NO;
				DEBUG_INFORMATION_FORMAT = "dwarf-with-dsym";
				ENABLE_NS_ASSERTIONS = NO;
				ENABLE_STRICT_OBJC_MSGSEND = YES;
				GCC_C_LANGUAGE_STANDARD = gnu11;
				GCC_NO_COMMON_BLOCKS = YES;
				GCC_WARN_64_TO_32_BIT_CONVERSION = YES;
				GCC_WARN_ABOUT_RETURN_TYPE = YES_ERROR;
				GCC_WARN_UNDECLARED_SELECTOR = YES;
				GCC_WARN_UNINITIALIZED_AUTOS = YES_AGGRESSIVE;
				GCC_WARN_UNUSED_FUNCTION = YES;
				GCC_WARN_UNUSED_VARIABLE = YES;
				IPHONEOS_DEPLOYMENT_TARGET = 17.0;
				MTL_ENABLE_DEBUG_INFO = NO;
				MTL_FAST_MATH = YES;
				PRODUCT_NAME = "$(TARGET_NAME)";
				SWIFT_COMPILATION_MODE = wholemodule;
				SWIFT_OPTIMIZATION_LEVEL = "-O";
				SWIFT_VERSION = 5.9;
			};
			name = Release;
		};
		7AA22BADB728296CAF36933A /* Debug */ = {
			isa = XCBuildConfiguration;
			buildSettings = {
				ALWAYS_SEARCH_USER_PATHS = NO;
				CLANG_ANALYZER_NONNULL = YES;
				CLANG_ANALYZER_NUMBER_OBJECT_CONVERSION = YES_AGGRESSIVE;
				CLANG_CXX_LANGUAGE_STANDARD = "gnu++14";
				CLANG_CXX_LIBRARY = "libc++";
				CLANG_ENABLE_MODULES = YES;
				CLANG_ENABLE_OBJC_ARC = YES;
				CLANG_ENABLE_OBJC_WEAK = YES;
				CLANG_WARN_BLOCK_CAPTURE_AUTORELEASING = YES;
				CLANG_WARN_BOOL_CONVERSION = YES;
				CLANG_WARN_COMMA = YES;
				CLANG_WARN_CONSTANT_CONVERSION = YES;
				CLANG_WARN_DEPRECATED_OBJC_IMPLEMENTATIONS = YES;
				CLANG_WARN_DIRECT_OBJC_ISA_USAGE = YES_ERROR;
				CLANG_WARN_DOCUMENTATION_COMMENTS = YES;
				CLANG_WARN_EMPTY_BODY = YES;
				CLANG_WARN_ENUM_CONVERSION = YES;
				CLANG_WARN_INFINITE_RECURSION = YES;
				CLANG_WARN_INT_CONVERSION = YES;
				CLANG_WARN_NON_LITERAL_NULL_CONVERSION = YES;
				CLANG_WARN_OBJC_IMPLICIT_RETAIN_SELF = YES;
				CLANG_WARN_OBJC_LITERAL_CONVERSION = YES;
				CLANG_WARN_OBJC_ROOT_CLASS = YES_ERROR;
				CLANG_WARN_QUOTED_INCLUDE_IN_FRAMEWORK_HEADER = YES;
				CLANG_WARN_RANGE_LOOP_ANALYSIS = YES;
				CLANG_WARN_STRICT_PROTOTYPES = YES;
				CLANG_WARN_SUSPICIOUS_MOVE = YES;
				CLANG_WARN_UNGUARDED_AVAILABILITY = YES_AGGRESSIVE;
				CLANG_WARN_UNREACHABLE_CODE = YES;
				CLANG_WARN__DUPLICATE_METHOD_MATCH = YES;
				COPY_PHASE_STRIP = NO;
				DEBUG_INFORMATION_FORMAT = dwarf;
				ENABLE_STRICT_OBJC_MSGSEND = YES;
				ENABLE_TESTABILITY = YES;
				GCC_C_LANGUAGE_STANDARD = gnu11;
				GCC_DYNAMIC_NO_PIC = NO;
				GCC_NO_COMMON_BLOCKS = YES;
				GCC_OPTIMIZATION_LEVEL = 0;
				GCC_PREPROCESSOR_DEFINITIONS = (
					"DEBUG=1",
					"$(inherited)",
				);
				GCC_WARN_64_TO_32_BIT_CONVERSION = YES;
				GCC_WARN_ABOUT_RETURN_TYPE = YES_ERROR;
				GCC_WARN_UNDECLARED_SELECTOR = YES;
				GCC_WARN_UNINITIALIZED_AUTOS = YES_AGGRESSIVE;
				GCC_WARN_UNUSED_FUNCTION = YES;
				GCC_WARN_UNUSED_VARIABLE = YES;
				IPHONEOS_DEPLOYMENT_TARGET = 17.0;
				MTL_ENABLE_DEBUG_INFO = INCLUDE_SOURCE;
				MTL_FAST_MATH = YES;
				ONLY_ACTIVE_ARCH = YES;
				PRODUCT_NAME = "$(TARGET_NAME)";
				SWIFT_ACTIVE_COMPILATION_CONDITIONS = DEBUG;
				SWIFT_OPTIMIZATION_LEVEL = "-Onone";
				SWIFT_VERSION = 5.9;
			};
			name = Debug;
		};
		BA042E751997ADAB6B8C0F8A /* Debug */ = {
			isa = XCBuildConfiguration;
			buildSettings = {
				ASSETCATALOG_COMPILER_APPICON_NAME = AppIcon;
				ASSETCATALOG_COMPILER_GLOBAL_ACCENT_COLOR_NAME = AccentColor;
				CLANG_ENABLE_OBJC_WEAK = NO;
				CODE_SIGN_STYLE = Automatic;
				CURRENT_PROJECT_VERSION = 1;
				DEFINES_MODULE = YES;
				DEVELOPMENT_TEAM = "";
				ENABLE_PREVIEWS = YES;
				INFOPLIST_FILE = Litmus/Resources/Info.plist;
				INFOPLIST_KEY_UIApplicationSceneManifest_Generation = NO;
				IPHONEOS_DEPLOYMENT_TARGET = 17.0;
				LD_RUNPATH_SEARCH_PATHS = "$(inherited) @executable_path/Frameworks";
				MARKETING_VERSION = 1.0.0;
				PRODUCT_BUNDLE_IDENTIFIER = com.antonchepur.litmus;
				PRODUCT_NAME = "$(TARGET_NAME)";
				SDKROOT = iphoneos;
				SWIFT_EMIT_LOC_STRINGS = YES;
				SWIFT_OPTIMIZATION_LEVEL = "-Onone";
				TARGETED_DEVICE_FAMILY = "1,2";
			};
			name = Debug;
		};
		D05F6CB04EBEAE0CFDA80402 /* Debug */ = {
			isa = XCBuildConfiguration;
			buildSettings = {
				CLANG_ENABLE_OBJC_WEAK = NO;
				CODE_SIGN_STYLE = Automatic;
				DEVELOPMENT_TEAM = "";
				INFOPLIST_FILE = LitmusUITests/Info.plist;
				IPHONEOS_DEPLOYMENT_TARGET = 17.0;
				PRODUCT_BUNDLE_IDENTIFIER = com.antonchepur.litmus.uitests;
				PRODUCT_NAME = "$(TARGET_NAME)";
				SDKROOT = iphoneos;
				TARGETED_DEVICE_FAMILY = "1,2";
				TEST_TARGET_NAME = Litmus;
			};
			name = Debug;
		};
		D3C498DA99550517D561820E /* Release */ = {
			isa = XCBuildConfiguration;
			buildSettings = {
				ASSETCATALOG_COMPILER_APPICON_NAME = AppIcon;
				ASSETCATALOG_COMPILER_GLOBAL_ACCENT_COLOR_NAME = AccentColor;
				CLANG_ENABLE_OBJC_WEAK = NO;
				CODE_SIGN_STYLE = Automatic;
				CURRENT_PROJECT_VERSION = 1;
				DEFINES_MODULE = YES;
				DEVELOPMENT_TEAM = "";
				ENABLE_PREVIEWS = YES;
				INFOPLIST_FILE = Litmus/Resources/Info.plist;
				INFOPLIST_KEY_UIApplicationSceneManifest_Generation = NO;
				IPHONEOS_DEPLOYMENT_TARGET = 17.0;
				LD_RUNPATH_SEARCH_PATHS = "$(inherited) @executable_path/Frameworks";
				MARKETING_VERSION = 1.0.0;
				PRODUCT_BUNDLE_IDENTIFIER = com.antonchepur.litmus;
				PRODUCT_NAME = "$(TARGET_NAME)";
				SDKROOT = iphoneos;
				SWIFT_EMIT_LOC_STRINGS = YES;
				SWIFT_OPTIMIZATION_LEVEL = "-O";
				TARGETED_DEVICE_FAMILY = "1,2";
				VALIDATE_PRODUCT = YES;
			};
			name = Release;
		};
		E6678659B58FA4FF463A5428 /* Release */ = {
			isa = XCBuildConfiguration;
			buildSettings = {
				BUNDLE_LOADER = "$(TEST_HOST)";
				CLANG_ENABLE_OBJC_WEAK = NO;
				CODE_SIGN_STYLE = Automatic;
				DEVELOPMENT_TEAM = "";
				INFOPLIST_FILE = LitmusTests/Info.plist;
				IPHONEOS_DEPLOYMENT_TARGET = 17.0;
				PRODUCT_BUNDLE_IDENTIFIER = com.antonchepur.litmus.tests;
				PRODUCT_NAME = "$(TARGET_NAME)";
				SDKROOT = iphoneos;
				TARGETED_DEVICE_FAMILY = "1,2";
				TEST_HOST = "$(BUILT_PRODUCTS_DIR)/Litmus.app/Litmus";
				VALIDATE_PRODUCT = YES;
			};
			name = Release;
		};
/* End XCBuildConfiguration section */

/* Begin XCConfigurationList section */
		54D731BB7D706CD5F9E4C255 /* Build configuration list for PBXProject "Litmus" */ = {
			isa = XCConfigurationList;
			buildConfigurations = (
				7AA22BADB728296CAF36933A /* Debug */,
				4BF900CE9EEC57CA99102699 /* Release */,
			);
			defaultConfigurationIsVisible = 0;
			defaultConfigurationName = Release;
		};
		7A177B1A376F50EC120FAA40 /* Build configuration list for PBXNativeTarget "LitmusUITests" */ = {
			isa = XCConfigurationList;
			buildConfigurations = (
				2220825D436FD2261C7887EB /* Release */,
				D05F6CB04EBEAE0CFDA80402 /* Debug */,
			);
			defaultConfigurationIsVisible = 0;
			defaultConfigurationName = Release;
		};
		826897B1BD4AE566CD0822F2 /* Build configuration list for PBXNativeTarget "LitmusTests" */ = {
			isa = XCConfigurationList;
			buildConfigurations = (
				E6678659B58FA4FF463A5428 /* Release */,
				43194BD5D30B1E893FB19B25 /* Debug */,
			);
			defaultConfigurationIsVisible = 0;
			defaultConfigurationName = Release;
		};
		C2F024C6FCEBACF66206BBF8 /* Build configuration list for PBXNativeTarget "Litmus" */ = {
			isa = XCConfigurationList;
			buildConfigurations = (
				D3C498DA99550517D561820E /* Release */,
				BA042E751997ADAB6B8C0F8A /* Debug */,
			);
			defaultConfigurationIsVisible = 0;
			defaultConfigurationName = Release;
		};
/* End XCConfigurationList section */
	};
	rootObject = 13B5EB671CF8981F76FCAD80 /* Project object */;
}
