// !$*UTF8*$!
{
	archiveVersion = 1;
	classes = {
	};
	objectVersion = 46;
	objects = {

/* Begin PBXBuildFile section */
		0400C54EA83EC545D364ED2E /* Foundation.framework in Frameworks */ = {isa = PBXBuildFile; fileRef = BE71C9970C2E5FA6E9CC0FE3 /* Foundation.framework */; };
		15BE13E41F0FE06EBFD7C601 /* SettingsScreen.swift in Sources */ = {isa = PBXBuildFile; fileRef = F0C547C0A810D3107829B4A1 /* SettingsScreen.swift */; };
		1B0DF8E153812E3756E5A6E7 /* Manrope-VariableFont.ttf in Resources */ = {isa = PBXBuildFile; fileRef = 338F87DE863943DDF4FDBA9A /* Manrope-VariableFont.ttf */; };
		21311C0426DF0CB28A05AACC /* Foundation.framework in Frameworks */ = {isa = PBXBuildFile; fileRef = BE71C9970C2E5FA6E9CC0FE3 /* Foundation.framework */; };
		27326FCF38FC1EA2233DB321 /* PrivacyInfo.xcprivacy in Resources */ = {isa = PBXBuildFile; fileRef = E3EDE9D685221F56A41D6372 /* PrivacyInfo.xcprivacy */; };
		33A53BBE48B979E17080368F /* NameTestEngine.swift in Sources */ = {isa = PBXBuildFile; fileRef = 570DC94E7FFCE9ACBFE6A67F /* NameTestEngine.swift */; };
		34F60E76D058CE81B0E8373E /* phonetic_rules.json in Resources */ = {isa = PBXBuildFile; fileRef = 713E20E1C11982F7DCA1EA0E /* phonetic_rules.json */; };
		3633A2DB03AC39F073F1C352 /* Assets.xcassets in Resources */ = {isa = PBXBuildFile; fileRef = 9521AEA0D52FF91EE331F11D /* Assets.xcassets */; };
		45DEAF4791610B4C2B8F6DE1 /* bad_initials.json in Resources */ = {isa = PBXBuildFile; fileRef = DF98B2E981308C401B4FA729 /* bad_initials.json */; };
		5918C4CC756FD25566565E48 /* HistoryScreen.swift in Sources */ = {isa = PBXBuildFile; fileRef = 791FAEB3777861BC862E4FA2 /* HistoryScreen.swift */; };
		5B709D803BC100C7F1977A27 /* LitmusEngineTests.swift in Sources */ = {isa = PBXBuildFile; fileRef = CF7CD0EBC7E654450513597B /* LitmusEngineTests.swift */; };
		659D1B0211250FA32A3AB32E /* historical_namesakes.json in Resources */ = {isa = PBXBuildFile; fileRef = 49192DF1EE151D74EAE70229 /* historical_namesakes.json */; };
		6E53EEDDD80C02160E28DEE2 /* DataRepository.swift in Sources */ = {isa = PBXBuildFile; fileRef = D97C81BDDB2E884A8A0E7565 /* DataRepository.swift */; };
		726FBC42C9DDB3F74A3D1D8A /* LitmusApp.swift in Sources */ = {isa = PBXBuildFile; fileRef = 62FF15BCEE02AE1309EEE679 /* LitmusApp.swift */; };
		76DF64B47A12B38611487023 /* LitmusUITests.swift in Sources */ = {isa = PBXBuildFile; fileRef = 7C2FD3FCCA82F5D3DD0F45B4 /* LitmusUITests.swift */; };
		792FCD39BA2C92029754A1C4 /* LitmusRenderTests.swift in Sources */ = {isa = PBXBuildFile; fileRef = EBCB8277B578D103102C79B0 /* LitmusRenderTests.swift */; };
		8158A3A31C5294E6D47BF4EF /* AppCoordinator.swift in Sources */ = {isa = PBXBuildFile; fileRef = 2E11F0E828BD9ECB4E76D868 /* AppCoordinator.swift */; };
		8C29F6371D5449AAC81479C7 /* common_email_domains.json in Resources */ = {isa = PBXBuildFile; fileRef = 0949A2DEDED17337955881F5 /* common_email_domains.json */; };
		8D1D959FC10DF3F8891407F0 /* ShareCardRenderer.swift in Sources */ = {isa = PBXBuildFile; fileRef = D0D89D802103A073C6BB8BD8 /* ShareCardRenderer.swift */; };
		8E9CF5E8B51FA7D7E348E9ED /* LitmusComponents.swift in Sources */ = {isa = PBXBuildFile; fileRef = 35D9C1A9C8060226D24E444F /* LitmusComponents.swift */; };
		9423552D842AF117DF1695D7 /* Localizable.strings in Resources */ = {isa = PBXBuildFile; fileRef = 0141B42C5AD5AEE20E773548 /* Localizable.strings */; };
		9525FD6DDF7F66C6409E227A /* Analyzers.swift in Sources */ = {isa = PBXBuildFile; fileRef = B4AA23BA3818B96C8F30BFA6 /* Analyzers.swift */; };
		987CF271E8C8FF014CDB1D20 /* LitmusTheme.swift in Sources */ = {isa = PBXBuildFile; fileRef = 6AF3385D0E02E659F24EF2B0 /* LitmusTheme.swift */; };
		9A604BEFFD75895A4582CBBA /* popular_names_frequency.json in Resources */ = {isa = PBXBuildFile; fileRef = A79E061A37D82F50B04E73A2 /* popular_names_frequency.json */; };
		C96295FFFDAEA2BBF01093B0 /* SystemHelpers.swift in Sources */ = {isa = PBXBuildFile; fileRef = 6A5B4E960B4B73F2E156FA39 /* SystemHelpers.swift */; };
		CDC4CFAADB9AE08D9B22A945 /* Models.swift in Sources */ = {isa = PBXBuildFile; fileRef = 651DA40C65D0832FC7CB738A /* Models.swift */; };
		D0C690E3C0C6403541E8CC35 /* PersistenceService.swift in Sources */ = {isa = PBXBuildFile; fileRef = 2D5231596783443025675E98 /* PersistenceService.swift */; };
		D1622A4ECD157DB6C56004CE /* InputScreen.swift in Sources */ = {isa = PBXBuildFile; fileRef = 76DC26460179D56199FE4007 /* InputScreen.swift */; };
		D7E8C657491C7618FE677927 /* NameModels.swift in Sources */ = {isa = PBXBuildFile; fileRef = 9381DF0A97FB022EE9A08099 /* NameModels.swift */; };
		DA7B7C1D1E6C32CD55F3BC5C /* ResultsScreen.swift in Sources */ = {isa = PBXBuildFile; fileRef = EA3ED78475BE80B85EBAF13D /* ResultsScreen.swift */; };
		E2B78CA6300D1580507A8394 /* SplashScreen.swift in Sources */ = {isa = PBXBuildFile; fileRef = 1E1F2AFF6715C7FEB3812A39 /* SplashScreen.swift */; };
		EC163D9C57ED1FB6BBCA5DCF /* Foundation.framework in Frameworks */ = {isa = PBXBuildFile; fileRef = BE71C9970C2E5FA6E9CC0FE3 /* Foundation.framework */; };
		FC411CCAD4FCE6AE18451E89 /* TestDetailData.swift in Sources */ = {isa = PBXBuildFile; fileRef = 8D0819CE9AFC5D82178B3376 /* TestDetailData.swift */; };
		FDE2A2AA048931494C55465A /* rhyme_patterns.json in Resources */ = {isa = PBXBuildFile; fileRef = 608165F1F88DEBCF24868D4C /* rhyme_patterns.json */; };
/* End PBXBuildFile section */

/* Begin PBXContainerItemProxy section */
		2E9AB9F7AD1C3B4A81C2DECC /* PBXContainerItemProxy */ = {
			isa = PBXContainerItemProxy;
			containerPortal = 7635459D5652F7F8277012E9 /* Project object */;
			proxyType = 1;
			remoteGlobalIDString = 1D6F466A5212A6F95F67AE16;
			remoteInfo = Litmus;
		};
		32272251D30792EDE4ADD982 /* PBXContainerItemProxy */ = {
			isa = PBXContainerItemProxy;
			containerPortal = 7635459D5652F7F8277012E9 /* Project object */;
			proxyType = 1;
			remoteGlobalIDString = 1D6F466A5212A6F95F67AE16;
			remoteInfo = Litmus;
		};
/* End PBXContainerItemProxy section */

/* Begin PBXFileReference section */
		0141B42C5AD5AEE20E773548 /* Localizable.strings */ = {isa = PBXFileReference; includeInIndex = 1; lastKnownFileType = text.plist.strings; path = Localizable.strings; sourceTree = "<group>"; };
		0949A2DEDED17337955881F5 /* common_email_domains.json */ = {isa = PBXFileReference; includeInIndex = 1; path = common_email_domains.json; sourceTree = "<group>"; };
		1E1F2AFF6715C7FEB3812A39 /* SplashScreen.swift */ = {isa = PBXFileReference; includeInIndex = 1; lastKnownFileType = sourcecode.swift; path = SplashScreen.swift; sourceTree = "<group>"; };
		229A3BAD595BF89724055B42 /* Litmus.app */ = {isa = PBXFileReference; explicitFileType = wrapper.application; includeInIndex = 0; path = Litmus.app; sourceTree = BUILT_PRODUCTS_DIR; };
		2D5231596783443025675E98 /* PersistenceService.swift */ = {isa = PBXFileReference; includeInIndex = 1; lastKnownFileType = sourcecode.swift; path = PersistenceService.swift; sourceTree = "<group>"; };
		2E11F0E828BD9ECB4E76D868 /* AppCoordinator.swift */ = {isa = PBXFileReference; includeInIndex = 1; lastKnownFileType = sourcecode.swift; path = AppCoordinator.swift; sourceTree = "<group>"; };
		338F87DE863943DDF4FDBA9A /* Manrope-VariableFont.ttf */ = {isa = PBXFileReference; includeInIndex = 1; path = "Manrope-VariableFont.ttf"; sourceTree = "<group>"; };
		35D9C1A9C8060226D24E444F /* LitmusComponents.swift */ = {isa = PBXFileReference; includeInIndex = 1; lastKnownFileType = sourcecode.swift; path = LitmusComponents.swift; sourceTree = "<group>"; };
		49192DF1EE151D74EAE70229 /* historical_namesakes.json */ = {isa = PBXFileReference; includeInIndex = 1; path = historical_namesakes.json; sourceTree = "<group>"; };
		570DC94E7FFCE9ACBFE6A67F /* NameTestEngine.swift */ = {isa = PBXFileReference; includeInIndex = 1; lastKnownFileType = sourcecode.swift; path = NameTestEngine.swift; sourceTree = "<group>"; };
		608165F1F88DEBCF24868D4C /* rhyme_patterns.json */ = {isa = PBXFileReference; includeInIndex = 1; path = rhyme_patterns.json; sourceTree = "<group>"; };
		628C22F9E76FE0AA3203725A /* LitmusTests.xctest */ = {isa = PBXFileReference; explicitFileType = wrapper.cfbundle; includeInIndex = 0; path = LitmusTests.xctest; sourceTree = BUILT_PRODUCTS_DIR; };
		62FF15BCEE02AE1309EEE679 /* LitmusApp.swift */ = {isa = PBXFileReference; includeInIndex = 1; lastKnownFileType = sourcecode.swift; path = LitmusApp.swift; sourceTree = "<group>"; };
		651DA40C65D0832FC7CB738A /* Models.swift */ = {isa = PBXFileReference; includeInIndex = 1; lastKnownFileType = sourcecode.swift; path = Models.swift; sourceTree = "<group>"; };
		6A5B4E960B4B73F2E156FA39 /* SystemHelpers.swift */ = {isa = PBXFileReference; includeInIndex = 1; lastKnownFileType = sourcecode.swift; path = SystemHelpers.swift; sourceTree = "<group>"; };
		6AF3385D0E02E659F24EF2B0 /* LitmusTheme.swift */ = {isa = PBXFileReference; includeInIndex = 1; lastKnownFileType = sourcecode.swift; path = LitmusTheme.swift; sourceTree = "<group>"; };
		713E20E1C11982F7DCA1EA0E /* phonetic_rules.json */ = {isa = PBXFileReference; includeInIndex = 1; path = phonetic_rules.json; sourceTree = "<group>"; };
		76DC26460179D56199FE4007 /* InputScreen.swift */ = {isa = PBXFileReference; includeInIndex = 1; lastKnownFileType = sourcecode.swift; path = InputScreen.swift; sourceTree = "<group>"; };
		791FAEB3777861BC862E4FA2 /* HistoryScreen.swift */ = {isa = PBXFileReference; includeInIndex = 1; lastKnownFileType = sourcecode.swift; path = HistoryScreen.swift; sourceTree = "<group>"; };
		7C2FD3FCCA82F5D3DD0F45B4 /* LitmusUITests.swift */ = {isa = PBXFileReference; includeInIndex = 1; lastKnownFileType = sourcecode.swift; path = LitmusUITests.swift; sourceTree = "<group>"; };
		836F6A30F4B412331FDFBDD8 /* LitmusUITests.xctest */ = {isa = PBXFileReference; explicitFileType = wrapper.cfbundle; includeInIndex = 0; path = LitmusUITests.xctest; sourceTree = BUILT_PRODUCTS_DIR; };
		8D0819CE9AFC5D82178B3376 /* TestDetailData.swift */ = {isa = PBXFileReference; includeInIndex = 1; lastKnownFileType = sourcecode.swift; path = TestDetailData.swift; sourceTree = "<group>"; };
		9381DF0A97FB022EE9A08099 /* NameModels.swift */ = {isa = PBXFileReference; includeInIndex = 1; lastKnownFileType = sourcecode.swift; path = NameModels.swift; sourceTree = "<group>"; };
		9521AEA0D52FF91EE331F11D /* Assets.xcassets */ = {isa = PBXFileReference; includeInIndex = 1; lastKnownFileType = folder.assetcatalog; path = Assets.xcassets; sourceTree = "<group>"; };
		A79E061A37D82F50B04E73A2 /* popular_names_frequency.json */ = {isa = PBXFileReference; includeInIndex = 1; path = popular_names_frequency.json; sourceTree = "<group>"; };
		B4AA23BA3818B96C8F30BFA6 /* Analyzers.swift */ = {isa = PBXFileReference; includeInIndex = 1; lastKnownFileType = sourcecode.swift; path = Analyzers.swift; sourceTree = "<group>"; };
		BE71C9970C2E5FA6E9CC0FE3 /* Foundation.framework */ = {isa = PBXFileReference; lastKnownFileType = wrapper.framework; name = Foundation.framework; path = Platforms/iPhoneOS.platform/Developer/SDKs/iPhoneOS18.0.sdk/System/Library/Frameworks/Foundation.framework; sourceTree = DEVELOPER_DIR; };
		CF7CD0EBC7E654450513597B /* LitmusEngineTests.swift */ = {isa = PBXFileReference; includeInIndex = 1; lastKnownFileType = sourcecode.swift; path = LitmusEngineTests.swift; sourceTree = "<group>"; };
		D0D89D802103A073C6BB8BD8 /* ShareCardRenderer.swift */ = {isa = PBXFileReference; includeInIndex = 1; lastKnownFileType = sourcecode.swift; path = ShareCardRenderer.swift; sourceTree = "<group>"; };
		D97C81BDDB2E884A8A0E7565 /* DataRepository.swift */ = {isa = PBXFileReference; includeInIndex = 1; lastKnownFileType = sourcecode.swift; path = DataRepository.swift; sourceTree = "<group>"; };
		DF98B2E981308C401B4FA729 /* bad_initials.json */ = {isa = PBXFileReference; includeInIndex = 1; path = bad_initials.json; sourceTree = "<group>"; };
		E3EDE9D685221F56A41D6372 /* PrivacyInfo.xcprivacy */ = {isa = PBXFileReference; includeInIndex = 1; path = PrivacyInfo.xcprivacy; sourceTree = "<group>"; };
		EA3ED78475BE80B85EBAF13D /* ResultsScreen.swift */ = {isa = PBXFileReference; includeInIndex = 1; lastKnownFileType = sourcecode.swift; path = ResultsScreen.swift; sourceTree = "<group>"; };
		EBCB8277B578D103102C79B0 /* LitmusRenderTests.swift */ = {isa = PBXFileReference; includeInIndex = 1; lastKnownFileType = sourcecode.swift; path = LitmusRenderTests.swift; sourceTree = "<group>"; };
		F0C547C0A810D3107829B4A1 /* SettingsScreen.swift */ = {isa = PBXFileReference; includeInIndex = 1; lastKnownFileType = sourcecode.swift; path = SettingsScreen.swift; sourceTree = "<group>"; };
/* End PBXFileReference section */

/* Begin PBXFrameworksBuildPhase section */
		8C0F093659FD0B82A208E167 /* Frameworks */ = {
			isa = PBXFrameworksBuildPhase;
			buildActionMask = 2147483647;
			files = (
				EC163D9C57ED1FB6BBCA5DCF /* Foundation.framework in Frameworks */,
			);
			runOnlyForDeploymentPostprocessing = 0;
		};
		9D250EA59B35D208EE8B9E00 /* Frameworks */ = {
			isa = PBXFrameworksBuildPhase;
			buildActionMask = 2147483647;
			files = (
				0400C54EA83EC545D364ED2E /* Foundation.framework in Frameworks */,
			);
			runOnlyForDeploymentPostprocessing = 0;
		};
		EF0836EFA3AFABE6AA9D783C /* Frameworks */ = {
			isa = PBXFrameworksBuildPhase;
			buildActionMask = 2147483647;
			files = (
				21311C0426DF0CB28A05AACC /* Foundation.framework in Frameworks */,
			);
			runOnlyForDeploymentPostprocessing = 0;
		};
/* End PBXFrameworksBuildPhase section */

/* Begin PBXGroup section */
		0B5A60C11160EEBC63F21A05 /* DesignSystem */ = {
			isa = PBXGroup;
			children = (
				35D9C1A9C8060226D24E444F /* LitmusComponents.swift */,
				6AF3385D0E02E659F24EF2B0 /* LitmusTheme.swift */,
			);
			name = DesignSystem;
			path = DesignSystem;
			sourceTree = "<group>";
		};
		36F9BBA8D28C21D8D8D26BAC /* Fonts */ = {
			isa = PBXGroup;
			children = (
				338F87DE863943DDF4FDBA9A /* Manrope-VariableFont.ttf */,
			);
			name = Fonts;
			path = Fonts;
			sourceTree = "<group>";
		};
		3B9E508FF6BBB8044DD11256 /* Utilities */ = {
			isa = PBXGroup;
			children = (
				D0D89D802103A073C6BB8BD8 /* ShareCardRenderer.swift */,
				6A5B4E960B4B73F2E156FA39 /* SystemHelpers.swift */,
			);
			name = Utilities;
			path = Utilities;
			sourceTree = "<group>";
		};
		66CA26898DBB9099321CAA8A /* Features */ = {
			isa = PBXGroup;
			children = (
				838C754F9C9CAC9C7B431735 /* History */,
				7C7A659DD129545F6C408002 /* Input */,
				7133AE784FD5DD2440C2383F /* Results */,
				A9E65CA2A5BC9BAA2AC36326 /* Settings */,
				A9025FAA5754DCB76876DDB7 /* Splash */,
			);
			name = Features;
			path = Features;
			sourceTree = "<group>";
		};
		7093E321696C1DB844EF0C9E /* iOS */ = {
			isa = PBXGroup;
			children = (
				BE71C9970C2E5FA6E9CC0FE3 /* Foundation.framework */,
			);
			name = iOS;
			sourceTree = "<group>";
		};
		7133AE784FD5DD2440C2383F /* Results */ = {
			isa = PBXGroup;
			children = (
				EA3ED78475BE80B85EBAF13D /* ResultsScreen.swift */,
			);
			name = Results;
			path = Results;
			sourceTree = "<group>";
		};
		7BBFB09B14718924D3F3A485 = {
			isa = PBXGroup;
			children = (
				8A92F6480F8C8977D9C96B6D /* Products */,
				BFBF9ED138341AD0D45F2500 /* Frameworks */,
				9810E3622411CDA3B73B2F0A /* Litmus */,
				9C284A5E7E0647850E578746 /* LitmusTests */,
				B7A8272C269CDBFFC0EFADFB /* LitmusUITests */,
			);
			sourceTree = "<group>";
		};
		7C7A659DD129545F6C408002 /* Input */ = {
			isa = PBXGroup;
			children = (
				76DC26460179D56199FE4007 /* InputScreen.swift */,
			);
			name = Input;
			path = Input;
			sourceTree = "<group>";
		};
		8007F4C7DB0CB4682E508C4E /* Resources */ = {
			isa = PBXGroup;
			children = (
				9521AEA0D52FF91EE331F11D /* Assets.xcassets */,
				CCDAA5F6EB387D4196E85F78 /* Data */,
				36F9BBA8D28C21D8D8D26BAC /* Fonts */,
				0141B42C5AD5AEE20E773548 /* Localizable.strings */,
				E3EDE9D685221F56A41D6372 /* PrivacyInfo.xcprivacy */,
			);
			name = Resources;
			path = Resources;
			sourceTree = "<group>";
		};
		838C754F9C9CAC9C7B431735 /* History */ = {
			isa = PBXGroup;
			children = (
				791FAEB3777861BC862E4FA2 /* HistoryScreen.swift */,
			);
			name = History;
			path = History;
			sourceTree = "<group>";
		};
		8A92F6480F8C8977D9C96B6D /* Products */ = {
			isa = PBXGroup;
			children = (
				229A3BAD595BF89724055B42 /* Litmus.app */,
				628C22F9E76FE0AA3203725A /* LitmusTests.xctest */,
				836F6A30F4B412331FDFBDD8 /* LitmusUITests.xctest */,
			);
			name = Products;
			sourceTree = "<group>";
		};
		9810E3622411CDA3B73B2F0A /* Litmus */ = {
			isa = PBXGroup;
			children = (
				CBC0D02B1C0B508D0FCFB935 /* App */,
				0B5A60C11160EEBC63F21A05 /* DesignSystem */,
				FEA7A295D373E0F7D68D199B /* Engine */,
				66CA26898DBB9099321CAA8A /* Features */,
				C22C7C509DAABEE164F915B6 /* Persistence */,
				8007F4C7DB0CB4682E508C4E /* Resources */,
				3B9E508FF6BBB8044DD11256 /* Utilities */,
			);
			name = Litmus;
			path = Litmus;
			sourceTree = "<group>";
		};
		9C284A5E7E0647850E578746 /* LitmusTests */ = {
			isa = PBXGroup;
			children = (
				CF7CD0EBC7E654450513597B /* LitmusEngineTests.swift */,
				EBCB8277B578D103102C79B0 /* LitmusRenderTests.swift */,
			);
			name = LitmusTests;
			path = LitmusTests;
			sourceTree = "<group>";
		};
		A9025FAA5754DCB76876DDB7 /* Splash */ = {
			isa = PBXGroup;
			children = (
				1E1F2AFF6715C7FEB3812A39 /* SplashScreen.swift */,
			);
			name = Splash;
			path = Splash;
			sourceTree = "<group>";
		};
		A9E65CA2A5BC9BAA2AC36326 /* Settings */ = {
			isa = PBXGroup;
			children = (
				F0C547C0A810D3107829B4A1 /* SettingsScreen.swift */,
			);
			name = Settings;
			path = Settings;
			sourceTree = "<group>";
		};
		B7A8272C269CDBFFC0EFADFB /* LitmusUITests */ = {
			isa = PBXGroup;
			children = (
				7C2FD3FCCA82F5D3DD0F45B4 /* LitmusUITests.swift */,
			);
			name = LitmusUITests;
			path = LitmusUITests;
			sourceTree = "<group>";
		};
		BFBF9ED138341AD0D45F2500 /* Frameworks */ = {
			isa = PBXGroup;
			children = (
				7093E321696C1DB844EF0C9E /* iOS */,
			);
			name = Frameworks;
			sourceTree = "<group>";
		};
		C22C7C509DAABEE164F915B6 /* Persistence */ = {
			isa = PBXGroup;
			children = (
				651DA40C65D0832FC7CB738A /* Models.swift */,
				2D5231596783443025675E98 /* PersistenceService.swift */,
			);
			name = Persistence;
			path = Persistence;
			sourceTree = "<group>";
		};
		CBC0D02B1C0B508D0FCFB935 /* App */ = {
			isa = PBXGroup;
			children = (
				2E11F0E828BD9ECB4E76D868 /* AppCoordinator.swift */,
				62FF15BCEE02AE1309EEE679 /* LitmusApp.swift */,
			);
			name = App;
			path = App;
			sourceTree = "<group>";
		};
		CCDAA5F6EB387D4196E85F78 /* Data */ = {
			isa = PBXGroup;
			children = (
				DF98B2E981308C401B4FA729 /* bad_initials.json */,
				0949A2DEDED17337955881F5 /* common_email_domains.json */,
				49192DF1EE151D74EAE70229 /* historical_namesakes.json */,
				713E20E1C11982F7DCA1EA0E /* phonetic_rules.json */,
				A79E061A37D82F50B04E73A2 /* popular_names_frequency.json */,
				608165F1F88DEBCF24868D4C /* rhyme_patterns.json */,
			);
			name = Data;
			path = Data;
			sourceTree = "<group>";
		};
		FEA7A295D373E0F7D68D199B /* Engine */ = {
			isa = PBXGroup;
			children = (
				B4AA23BA3818B96C8F30BFA6 /* Analyzers.swift */,
				D97C81BDDB2E884A8A0E7565 /* DataRepository.swift */,
				9381DF0A97FB022EE9A08099 /* NameModels.swift */,
				570DC94E7FFCE9ACBFE6A67F /* NameTestEngine.swift */,
				8D0819CE9AFC5D82178B3376 /* TestDetailData.swift */,
			);
			name = Engine;
			path = Engine;
			sourceTree = "<group>";
		};
/* End PBXGroup section */

/* Begin PBXNativeTarget section */
		1D6F466A5212A6F95F67AE16 /* Litmus */ = {
			isa = PBXNativeTarget;
			buildConfigurationList = D5CCF8E9880A6E80E53CF4E9 /* Build configuration list for PBXNativeTarget "Litmus" */;
			buildPhases = (
				B13C5FBA11181FD3F3C290E9 /* Sources */,
				8C0F093659FD0B82A208E167 /* Frameworks */,
				B72390A2292BAE930C49B7BA /* Resources */,
			);
			buildRules = (
			);
			dependencies = (
			);
			name = Litmus;
			productName = Litmus;
			productReference = 229A3BAD595BF89724055B42 /* Litmus.app */;
			productType = "com.apple.product-type.application";
		};
		22AA38FE3DDE243ECAA2BADA /* LitmusTests */ = {
			isa = PBXNativeTarget;
			buildConfigurationList = ED4F0E68750781C36B1BFCAE /* Build configuration list for PBXNativeTarget "LitmusTests" */;
			buildPhases = (
				F9DB0CFCBF4AF15456F828A7 /* Sources */,
				9D250EA59B35D208EE8B9E00 /* Frameworks */,
				F891F112DD6B49CDF6270375 /* Resources */,
			);
			buildRules = (
			);
			dependencies = (
				DD09E3E97654C8AE8A94E3E7 /* PBXTargetDependency */,
			);
			name = LitmusTests;
			productName = LitmusTests;
			productReference = 628C22F9E76FE0AA3203725A /* LitmusTests.xctest */;
			productType = "com.apple.product-type.bundle.unit-test";
		};
		A41EC42E3C2EC20963D9BCA0 /* LitmusUITests */ = {
			isa = PBXNativeTarget;
			buildConfigurationList = FE259EA8E1BA2BE1BD42F6F8 /* Build configuration list for PBXNativeTarget "LitmusUITests" */;
			buildPhases = (
				685B14A807C80CCDAC1705BD /* Sources */,
				EF0836EFA3AFABE6AA9D783C /* Frameworks */,
				FD228F58C19A509921146E4E /* Resources */,
			);
			buildRules = (
			);
			dependencies = (
				0350F974DA04752B63781655 /* PBXTargetDependency */,
			);
			name = LitmusUITests;
			productName = LitmusUITests;
			productReference = 836F6A30F4B412331FDFBDD8 /* LitmusUITests.xctest */;
			productType = "com.apple.product-type.bundle.ui-testing";
		};
/* End PBXNativeTarget section */

/* Begin PBXProject section */
		7635459D5652F7F8277012E9 /* Project object */ = {
			isa = PBXProject;
			attributes = {
				LastSwiftUpdateCheck = 1640;
				LastUpgradeCheck = 1640;
			};
			buildConfigurationList = 4343FDA9F761C341F9FEDD93 /* Build configuration list for PBXProject "Litmus" */;
			compatibilityVersion = "Xcode 3.2";
			developmentRegion = en;
			hasScannedForEncodings = 0;
			knownRegions = (
				en,
				Base,
			);
			mainGroup = 7BBFB09B14718924D3F3A485;
			minimizedProjectReferenceProxies = 0;
			preferredProjectObjectVersion = 77;
			productRefGroup = 8A92F6480F8C8977D9C96B6D /* Products */;
			projectDirPath = "";
			projectRoot = "";
			targets = (
				1D6F466A5212A6F95F67AE16 /* Litmus */,
				22AA38FE3DDE243ECAA2BADA /* LitmusTests */,
				A41EC42E3C2EC20963D9BCA0 /* LitmusUITests */,
			);
		};
/* End PBXProject section */

/* Begin PBXResourcesBuildPhase section */
		B72390A2292BAE930C49B7BA /* Resources */ = {
			isa = PBXResourcesBuildPhase;
			buildActionMask = 2147483647;
			files = (
				3633A2DB03AC39F073F1C352 /* Assets.xcassets in Resources */,
				45DEAF4791610B4C2B8F6DE1 /* bad_initials.json in Resources */,
				8C29F6371D5449AAC81479C7 /* common_email_domains.json in Resources */,
				659D1B0211250FA32A3AB32E /* historical_namesakes.json in Resources */,
				34F60E76D058CE81B0E8373E /* phonetic_rules.json in Resources */,
				9A604BEFFD75895A4582CBBA /* popular_names_frequency.json in Resources */,
				FDE2A2AA048931494C55465A /* rhyme_patterns.json in Resources */,
				1B0DF8E153812E3756E5A6E7 /* Manrope-VariableFont.ttf in Resources */,
				9423552D842AF117DF1695D7 /* Localizable.strings in Resources */,
				27326FCF38FC1EA2233DB321 /* PrivacyInfo.xcprivacy in Resources */,
			);
			runOnlyForDeploymentPostprocessing = 0;
		};
		F891F112DD6B49CDF6270375 /* Resources */ = {
			isa = PBXResourcesBuildPhase;
			buildActionMask = 2147483647;
			files = (
			);
			runOnlyForDeploymentPostprocessing = 0;
		};
		FD228F58C19A509921146E4E /* Resources */ = {
			isa = PBXResourcesBuildPhase;
			buildActionMask = 2147483647;
			files = (
			);
			runOnlyForDeploymentPostprocessing = 0;
		};
/* End PBXResourcesBuildPhase section */

/* Begin PBXSourcesBuildPhase section */
		685B14A807C80CCDAC1705BD /* Sources */ = {
			isa = PBXSourcesBuildPhase;
			buildActionMask = 2147483647;
			files = (
				76DF64B47A12B38611487023 /* LitmusUITests.swift in Sources */,
			);
			runOnlyForDeploymentPostprocessing = 0;
		};
		B13C5FBA11181FD3F3C290E9 /* Sources */ = {
			isa = PBXSourcesBuildPhase;
			buildActionMask = 2147483647;
			files = (
				8158A3A31C5294E6D47BF4EF /* AppCoordinator.swift in Sources */,
				726FBC42C9DDB3F74A3D1D8A /* LitmusApp.swift in Sources */,
				8E9CF5E8B51FA7D7E348E9ED /* LitmusComponents.swift in Sources */,
				987CF271E8C8FF014CDB1D20 /* LitmusTheme.swift in Sources */,
				9525FD6DDF7F66C6409E227A /* Analyzers.swift in Sources */,
				6E53EEDDD80C02160E28DEE2 /* DataRepository.swift in Sources */,
				D7E8C657491C7618FE677927 /* NameModels.swift in Sources */,
				33A53BBE48B979E17080368F /* NameTestEngine.swift in Sources */,
				FC411CCAD4FCE6AE18451E89 /* TestDetailData.swift in Sources */,
				5918C4CC756FD25566565E48 /* HistoryScreen.swift in Sources */,
				D1622A4ECD157DB6C56004CE /* InputScreen.swift in Sources */,
				DA7B7C1D1E6C32CD55F3BC5C /* ResultsScreen.swift in Sources */,
				15BE13E41F0FE06EBFD7C601 /* SettingsScreen.swift in Sources */,
				E2B78CA6300D1580507A8394 /* SplashScreen.swift in Sources */,
				CDC4CFAADB9AE08D9B22A945 /* Models.swift in Sources */,
				D0C690E3C0C6403541E8CC35 /* PersistenceService.swift in Sources */,
				8D1D959FC10DF3F8891407F0 /* ShareCardRenderer.swift in Sources */,
				C96295FFFDAEA2BBF01093B0 /* SystemHelpers.swift in Sources */,
			);
			runOnlyForDeploymentPostprocessing = 0;
		};
		F9DB0CFCBF4AF15456F828A7 /* Sources */ = {
			isa = PBXSourcesBuildPhase;
			buildActionMask = 2147483647;
			files = (
				5B709D803BC100C7F1977A27 /* LitmusEngineTests.swift in Sources */,
				792FCD39BA2C92029754A1C4 /* LitmusRenderTests.swift in Sources */,
			);
			runOnlyForDeploymentPostprocessing = 0;
		};
/* End PBXSourcesBuildPhase section */

/* Begin PBXTargetDependency section */
		0350F974DA04752B63781655 /* PBXTargetDependency */ = {
			isa = PBXTargetDependency;
			name = Litmus;
			target = 1D6F466A5212A6F95F67AE16 /* Litmus */;
			targetProxy = 32272251D30792EDE4ADD982 /* PBXContainerItemProxy */;
		};
		DD09E3E97654C8AE8A94E3E7 /* PBXTargetDependency */ = {
			isa = PBXTargetDependency;
			name = Litmus;
			target = 1D6F466A5212A6F95F67AE16 /* Litmus */;
			targetProxy = 2E9AB9F7AD1C3B4A81C2DECC /* PBXContainerItemProxy */;
		};
/* End PBXTargetDependency section */

/* Begin XCBuildConfiguration section */
		0D551EB5779FC5EEB95CF7E4 /* Release */ = {
			isa = XCBuildConfiguration;
			buildSettings = {
				CLANG_ENABLE_OBJC_WEAK = NO;
				CODE_SIGN_STYLE = Automatic;
				DEVELOPMENT_TEAM = "";
				INFOPLIST_FILE = LitmusUITests/Info.plist;
				IPHONEOS_DEPLOYMENT_TARGET = 17.0;
				PRODUCT_BUNDLE_IDENTIFIER = com.antonchepur.litmus.uitests;
				PRODUCT_NAME = "$(TARGET_NAME)";
				SDKROOT = iphoneos;
				TARGETED_DEVICE_FAMILY = "1,2";
				TEST_TARGET_NAME = Litmus;
				VALIDATE_PRODUCT = YES;
			};
			name = Release;
		};
		3A01EA27B4930E15FC6FD30C /* Debug */ = {
			isa = XCBuildConfiguration;
			buildSettings = {
				CLANG_ENABLE_OBJC_WEAK = NO;
				CODE_SIGN_STYLE = Automatic;
				DEVELOPMENT_TEAM = "";
				INFOPLIST_FILE = LitmusUITests/Info.plist;
				IPHONEOS_DEPLOYMENT_TARGET = 17.0;
				PRODUCT_BUNDLE_IDENTIFIER = com.antonchepur.litmus.uitests;
				PRODUCT_NAME = "$(TARGET_NAME)";
				SDKROOT = iphoneos;
				TARGETED_DEVICE_FAMILY = "1,2";
				TEST_TARGET_NAME = Litmus;
			};
			name = Debug;
		};
		6FA6D3A29211FF63C03246B9 /* Debug */ = {
			isa = XCBuildConfiguration;
			buildSettings = {
				BUNDLE_LOADER = "$(TEST_HOST)";
				CLANG_ENABLE_OBJC_WEAK = NO;
				CODE_SIGN_STYLE = Automatic;
				DEVELOPMENT_TEAM = "";
				INFOPLIST_FILE = LitmusTests/Info.plist;
				IPHONEOS_DEPLOYMENT_TARGET = 17.0;
				PRODUCT_BUNDLE_IDENTIFIER = com.antonchepur.litmus.tests;
				PRODUCT_NAME = "$(TARGET_NAME)";
				SDKROOT = iphoneos;
				TARGETED_DEVICE_FAMILY = "1,2";
				TEST_HOST = "$(BUILT_PRODUCTS_DIR)/Litmus.app/Litmus";
			};
			name = Debug;
		};
		946240E283C61FC3452D4285 /* Debug */ = {
			isa = XCBuildConfiguration;
			buildSettings = {
				ALWAYS_SEARCH_USER_PATHS = NO;
				CLANG_ANALYZER_NONNULL = YES;
				CLANG_ANALYZER_NUMBER_OBJECT_CONVERSION = YES_AGGRESSIVE;
				CLANG_CXX_LANGUAGE_STANDARD = "gnu++14";
				CLANG_CXX_LIBRARY = "libc++";
				CLANG_ENABLE_MODULES = YES;
				CLANG_ENABLE_OBJC_ARC = YES;
				CLANG_ENABLE_OBJC_WEAK = YES;
				CLANG_WARN_BLOCK_CAPTURE_AUTORELEASING = YES;
				CLANG_WARN_BOOL_CONVERSION = YES;
				CLANG_WARN_COMMA = YES;
				CLANG_WARN_CONSTANT_CONVERSION = YES;
				CLANG_WARN_DEPRECATED_OBJC_IMPLEMENTATIONS = YES;
				CLANG_WARN_DIRECT_OBJC_ISA_USAGE = YES_ERROR;
				CLANG_WARN_DOCUMENTATION_COMMENTS = YES;
				CLANG_WARN_EMPTY_BODY = YES;
				CLANG_WARN_ENUM_CONVERSION = YES;
				CLANG_WARN_INFINITE_RECURSION = YES;
				CLANG_WARN_INT_CONVERSION = YES;
				CLANG_WARN_NON_LITERAL_NULL_CONVERSION = YES;
				CLANG_WARN_OBJC_IMPLICIT_RETAIN_SELF = YES;
				CLANG_WARN_OBJC_LITERAL_CONVERSION = YES;
				CLANG_WARN_OBJC_ROOT_CLASS = YES_ERROR;
				CLANG_WARN_QUOTED_INCLUDE_IN_FRAMEWORK_HEADER = YES;
				CLANG_WARN_RANGE_LOOP_ANALYSIS = YES;
				CLANG_WARN_STRICT_PROTOTYPES = YES;
				CLANG_WARN_SUSPICIOUS_MOVE = YES;
				CLANG_WARN_UNGUARDED_AVAILABILITY = YES_AGGRESSIVE;
				CLANG_WARN_UNREACHABLE_CODE = YES;
				CLANG_WARN__DUPLICATE_METHOD_MATCH = YES;
				COPY_PHASE_STRIP = NO;
				DEBUG_INFORMATION_FORMAT = dwarf;
				ENABLE_STRICT_OBJC_MSGSEND = YES;
				ENABLE_TESTABILITY = YES;
				GCC_C_LANGUAGE_STANDARD = gnu11;
				GCC_DYNAMIC_NO_PIC = NO;
				GCC_NO_COMMON_BLOCKS = YES;
				GCC_OPTIMIZATION_LEVEL = 0;
				GCC_PREPROCESSOR_DEFINITIONS = (
					"DEBUG=1",
					"$(inherited)",
				);
				GCC_WARN_64_TO_32_BIT_CONVERSION = YES;
				GCC_WARN_ABOUT_RETURN_TYPE = YES_ERROR;
				GCC_WARN_UNDECLARED_SELECTOR = YES;
				GCC_WARN_UNINITIALIZED_AUTOS = YES_AGGRESSIVE;
				GCC_WARN_UNUSED_FUNCTION = YES;
				GCC_WARN_UNUSED_VARIABLE = YES;
				IPHONEOS_DEPLOYMENT_TARGET = 17.0;
				MTL_ENABLE_DEBUG_INFO = INCLUDE_SOURCE;
				MTL_FAST_MATH = YES;
				ONLY_ACTIVE_ARCH = YES;
				PRODUCT_NAME = "$(TARGET_NAME)";
				SWIFT_ACTIVE_COMPILATION_CONDITIONS = DEBUG;
				SWIFT_OPTIMIZATION_LEVEL = "-Onone";
				SWIFT_VERSION = 5.9;
			};
			name = Debug;
		};
		B12EA5A082B3152E62F6561E /* Debug */ = {
			isa = XCBuildConfiguration;
			buildSettings = {
				ASSETCATALOG_COMPILER_APPICON_NAME = AppIcon;
				ASSETCATALOG_COMPILER_GLOBAL_ACCENT_COLOR_NAME = AccentColor;
				CLANG_ENABLE_OBJC_WEAK = NO;
				CODE_SIGN_STYLE = Automatic;
				CURRENT_PROJECT_VERSION = 1;
				DEFINES_MODULE = YES;
				DEVELOPMENT_TEAM = "";
				ENABLE_PREVIEWS = YES;
				INFOPLIST_FILE = Litmus/Resources/Info.plist;
				INFOPLIST_KEY_UIApplicationSceneManifest_Generation = NO;
				IPHONEOS_DEPLOYMENT_TARGET = 17.0;
				LD_RUNPATH_SEARCH_PATHS = "$(inherited) @executable_path/Frameworks";
				MARKETING_VERSION = 1.0.0;
				PRODUCT_BUNDLE_IDENTIFIER = com.antonchepur.litmus;
				PRODUCT_NAME = "$(TARGET_NAME)";
				SDKROOT = iphoneos;
				SWIFT_EMIT_LOC_STRINGS = YES;
				SWIFT_OPTIMIZATION_LEVEL = "-Onone";
				TARGETED_DEVICE_FAMILY = "1,2";
			};
			name = Debug;
		};
		B306277AD64EC3BAF7002CED /* Release */ = {
			isa = XCBuildConfiguration;
			buildSettings = {
				BUNDLE_LOADER = "$(TEST_HOST)";
				CLANG_ENABLE_OBJC_WEAK = NO;
				CODE_SIGN_STYLE = Automatic;
				DEVELOPMENT_TEAM = "";
				INFOPLIST_FILE = LitmusTests/Info.plist;
				IPHONEOS_DEPLOYMENT_TARGET = 17.0;
				PRODUCT_BUNDLE_IDENTIFIER = com.antonchepur.litmus.tests;
				PRODUCT_NAME = "$(TARGET_NAME)";
				SDKROOT = iphoneos;
				TARGETED_DEVICE_FAMILY = "1,2";
				TEST_HOST = "$(BUILT_PRODUCTS_DIR)/Litmus.app/Litmus";
				VALIDATE_PRODUCT = YES;
			};
			name = Release;
		};
		BF235DB610B378B2AB13DC10 /* Release */ = {
			isa = XCBuildConfiguration;
			buildSettings = {
				ASSETCATALOG_COMPILER_APPICON_NAME = AppIcon;
				ASSETCATALOG_COMPILER_GLOBAL_ACCENT_COLOR_NAME = AccentColor;
				CLANG_ENABLE_OBJC_WEAK = NO;
				CODE_SIGN_STYLE = Automatic;
				CURRENT_PROJECT_VERSION = 1;
				DEFINES_MODULE = YES;
				DEVELOPMENT_TEAM = "";
				ENABLE_PREVIEWS = YES;
				INFOPLIST_FILE = Litmus/Resources/Info.plist;
				INFOPLIST_KEY_UIApplicationSceneManifest_Generation = NO;
				IPHONEOS_DEPLOYMENT_TARGET = 17.0;
				LD_RUNPATH_SEARCH_PATHS = "$(inherited) @executable_path/Frameworks";
				MARKETING_VERSION = 1.0.0;
				PRODUCT_BUNDLE_IDENTIFIER = com.antonchepur.litmus;
				PRODUCT_NAME = "$(TARGET_NAME)";
				SDKROOT = iphoneos;
				SWIFT_EMIT_LOC_STRINGS = YES;
				SWIFT_OPTIMIZATION_LEVEL = "-O";
				TARGETED_DEVICE_FAMILY = "1,2";
				VALIDATE_PRODUCT = YES;
			};
			name = Release;
		};
		ED7E916953803B1EEE93F73B /* Release */ = {
			isa = XCBuildConfiguration;
			buildSettings = {
				ALWAYS_SEARCH_USER_PATHS = NO;
				CLANG_ANALYZER_NONNULL = YES;
				CLANG_ANALYZER_NUMBER_OBJECT_CONVERSION = YES_AGGRESSIVE;
				CLANG_CXX_LANGUAGE_STANDARD = "gnu++14";
				CLANG_CXX_LIBRARY = "libc++";
				CLANG_ENABLE_MODULES = YES;
				CLANG_ENABLE_OBJC_ARC = YES;
				CLANG_ENABLE_OBJC_WEAK = YES;
				CLANG_WARN_BLOCK_CAPTURE_AUTORELEASING = YES;
				CLANG_WARN_BOOL_CONVERSION = YES;
				CLANG_WARN_COMMA = YES;
				CLANG_WARN_CONSTANT_CONVERSION = YES;
				CLANG_WARN_DEPRECATED_OBJC_IMPLEMENTATIONS = YES;
				CLANG_WARN_DIRECT_OBJC_ISA_USAGE = YES_ERROR;
				CLANG_WARN_DOCUMENTATION_COMMENTS = YES;
				CLANG_WARN_EMPTY_BODY = YES;
				CLANG_WARN_ENUM_CONVERSION = YES;
				CLANG_WARN_INFINITE_RECURSION = YES;
				CLANG_WARN_INT_CONVERSION = YES;
				CLANG_WARN_NON_LITERAL_NULL_CONVERSION = YES;
				CLANG_WARN_OBJC_IMPLICIT_RETAIN_SELF = YES;
				CLANG_WARN_OBJC_LITERAL_CONVERSION = YES;
				CLANG_WARN_OBJC_ROOT_CLASS = YES_ERROR;
				CLANG_WARN_QUOTED_INCLUDE_IN_FRAMEWORK_HEADER = YES;
				CLANG_WARN_RANGE_LOOP_ANALYSIS = YES;
				CLANG_WARN_STRICT_PROTOTYPES = YES;
				CLANG_WARN_SUSPICIOUS_MOVE = YES;
				CLANG_WARN_UNGUARDED_AVAILABILITY = YES_AGGRESSIVE;
				CLANG_WARN_UNREACHABLE_CODE = YES;
				CLANG_WARN__DUPLICATE_METHOD_MATCH = YES;
				COPY_PHASE_STRIP = NO;
				DEBUG_INFORMATION_FORMAT = "dwarf-with-dsym";
				ENABLE_NS_ASSERTIONS = NO;
				ENABLE_STRICT_OBJC_MSGSEND = YES;
				GCC_C_LANGUAGE_STANDARD = gnu11;
				GCC_NO_COMMON_BLOCKS = YES;
				GCC_WARN_64_TO_32_BIT_CONVERSION = YES;
				GCC_WARN_ABOUT_RETURN_TYPE = YES_ERROR;
				GCC_WARN_UNDECLARED_SELECTOR = YES;
				GCC_WARN_UNINITIALIZED_AUTOS = YES_AGGRESSIVE;
				GCC_WARN_UNUSED_FUNCTION = YES;
				GCC_WARN_UNUSED_VARIABLE = YES;
				IPHONEOS_DEPLOYMENT_TARGET = 17.0;
				MTL_ENABLE_DEBUG_INFO = NO;
				MTL_FAST_MATH = YES;
				PRODUCT_NAME = "$(TARGET_NAME)";
				SWIFT_COMPILATION_MODE = wholemodule;
				SWIFT_OPTIMIZATION_LEVEL = "-O";
				SWIFT_VERSION = 5.9;
			};
			name = Release;
		};
/* End XCBuildConfiguration section */

/* Begin XCConfigurationList section */
		4343FDA9F761C341F9FEDD93 /* Build configuration list for PBXProject "Litmus" */ = {
			isa = XCConfigurationList;
			buildConfigurations = (
				946240E283C61FC3452D4285 /* Debug */,
				ED7E916953803B1EEE93F73B /* Release */,
			);
			defaultConfigurationIsVisible = 0;
			defaultConfigurationName = Release;
		};
		D5CCF8E9880A6E80E53CF4E9 /* Build configuration list for PBXNativeTarget "Litmus" */ = {
			isa = XCConfigurationList;
			buildConfigurations = (
				BF235DB610B378B2AB13DC10 /* Release */,
				B12EA5A082B3152E62F6561E /* Debug */,
			);
			defaultConfigurationIsVisible = 0;
			defaultConfigurationName = Release;
		};
		ED4F0E68750781C36B1BFCAE /* Build configuration list for PBXNativeTarget "LitmusTests" */ = {
			isa = XCConfigurationList;
			buildConfigurations = (
				B306277AD64EC3BAF7002CED /* Release */,
				6FA6D3A29211FF63C03246B9 /* Debug */,
			);
			defaultConfigurationIsVisible = 0;
			defaultConfigurationName = Release;
		};
		FE259EA8E1BA2BE1BD42F6F8 /* Build configuration list for PBXNativeTarget "LitmusUITests" */ = {
			isa = XCConfigurationList;
			buildConfigurations = (
				0D551EB5779FC5EEB95CF7E4 /* Release */,
				3A01EA27B4930E15FC6FD30C /* Debug */,
			);
			defaultConfigurationIsVisible = 0;
			defaultConfigurationName = Release;
		};
/* End XCConfigurationList section */
	};
	rootObject = 7635459D5652F7F8277012E9 /* Project object */;
}
